// !$*UTF8*$!
{
	archiveVersion = 1;
	classes = {
	};
	objectVersion = 48;
	objects = {

/* Begin PBXBuildFile section */
		2D161BEB2058CAF10062BA35 /* corpc_utils.cpp in Sources */ = {isa = PBXBuildFile; fileRef = 2D161BE92058CAF10062BA35 /* corpc_utils.cpp */; };
		2D161BEC2058CAF10062BA35 /* corpc_utils.h in Headers */ = {isa = PBXBuildFile; fileRef = 2D161BEA2058CAF10062BA35 /* corpc_utils.h */; };
		2DB2B301204931A500114392 /* corpc_define.h in Headers */ = {isa = PBXBuildFile; fileRef = 2DB2B2F2204931A300114392 /* corpc_define.h */; };
		2DB2B303204931A500114392 /* corpc_controller.h in Headers */ = {isa = PBXBuildFile; fileRef = 2DB2B2F4204931A300114392 /* corpc_controller.h */; };
		2DB2B304204931A500114392 /* corpc_option.pb.h in Headers */ = {isa = PBXBuildFile; fileRef = 2DB2B2F5204931A300114392 /* corpc_option.pb.h */; };
		2DB2B305204931A500114392 /* corpc_routine_env.h in Headers */ = {isa = PBXBuildFile; fileRef = 2DB2B2F6204931A300114392 /* corpc_routine_env.h */; };
		2DB2B306204931A500114392 /* corpc_io.cpp in Sources */ = {isa = PBXBuildFile; fileRef = 2DB2B2F7204931A300114392 /* corpc_io.cpp */; };
		2DB2B308204931A500114392 /* corpc_rpc_server.h in Headers */ = {isa = PBXBuildFile; fileRef = 2DB2B2F9204931A300114392 /* corpc_rpc_server.h */; };
		2DB2B309204931A500114392 /* corpc_inner_rpc.cpp in Sources */ = {isa = PBXBuildFile; fileRef = 2DB2B2FA204931A400114392 /* corpc_inner_rpc.cpp */; };
		2DB2B30A204931A500114392 /* corpc_rpc_server.cpp in Sources */ = {isa = PBXBuildFile; fileRef = 2DB2B2FB204931A400114392 /* corpc_rpc_server.cpp */; };
		2DB2B30B204931A500114392 /* corpc_io.h in Headers */ = {isa = PBXBuildFile; fileRef = 2DB2B2FC204931A400114392 /* corpc_io.h */; };
		2DB2B30C204931A500114392 /* corpc_option.pb.cc in Sources */ = {isa = PBXBuildFile; fileRef = 2DB2B2FD204931A400114392 /* corpc_option.pb.cc */; };
		2DB2B30D204931A500114392 /* corpc_inner_rpc.h in Headers */ = {isa = PBXBuildFile; fileRef = 2DB2B2FE204931A400114392 /* corpc_inner_rpc.h */; };
		2DB2B30E204931A500114392 /* corpc_routine_env.cpp in Sources */ = {isa = PBXBuildFile; fileRef = 2DB2B2FF204931A400114392 /* corpc_routine_env.cpp */; };
		2DB2B3352049366C00114392 /* libco.dylib in Frameworks */ = {isa = PBXBuildFile; fileRef = 2DB2B2ED204929EE00114392 /* libco.dylib */; };
		2DEA997C208480940095C62F /* corpc_rpc_client.h in Headers */ = {isa = PBXBuildFile; fileRef = 2DB2B2F8204931A300114392 /* corpc_rpc_client.h */; };
		2DEA997D208480960095C62F /* corpc_rpc_client.cpp in Sources */ = {isa = PBXBuildFile; fileRef = 2DB2B2F3204931A300114392 /* corpc_rpc_client.cpp */; };
		2DEA9982208598550095C62F /* corpc_tcp.cpp in Sources */ = {isa = PBXBuildFile; fileRef = 2DEA996F207B675E0095C62F /* corpc_tcp.cpp */; };
		2DEA9983208598580095C62F /* corpc_tcp.h in Headers */ = {isa = PBXBuildFile; fileRef = 2DEA9970207B675E0095C62F /* corpc_tcp.h */; };
/* End PBXBuildFile section */

/* Begin PBXFileReference section */
		2D161BE92058CAF10062BA35 /* corpc_utils.cpp */ = {isa = PBXFileReference; lastKnownFileType = sourcecode.cpp.cpp; path = corpc_utils.cpp; sourceTree = "<group>"; };
		2D161BEA2058CAF10062BA35 /* corpc_utils.h */ = {isa = PBXFileReference; lastKnownFileType = sourcecode.c.h; path = corpc_utils.h; sourceTree = "<group>"; };
		2DB2B2C72049297900114392 /* libcorpc.dylib */ = {isa = PBXFileReference; explicitFileType = "compiled.mach-o.dylib"; includeInIndex = 0; path = libcorpc.dylib; sourceTree = BUILT_PRODUCTS_DIR; };
		2DB2B2ED204929EE00114392 /* libco.dylib */ = {isa = PBXFileReference; explicitFileType = "compiled.mach-o.dylib"; path = libco.dylib; sourceTree = BUILT_PRODUCTS_DIR; };
		2DB2B2F2204931A300114392 /* corpc_define.h */ = {isa = PBXFileReference; fileEncoding = 4; lastKnownFileType = sourcecode.c.h; path = corpc_define.h; sourceTree = "<group>"; };
		2DB2B2F3204931A300114392 /* corpc_rpc_client.cpp */ = {isa = PBXFileReference; fileEncoding = 4; lastKnownFileType = sourcecode.cpp.cpp; path = corpc_rpc_client.cpp; sourceTree = "<group>"; };
		2DB2B2F4204931A300114392 /* corpc_controller.h */ = {isa = PBXFileReference; fileEncoding = 4; lastKnownFileType = sourcecode.c.h; path = corpc_controller.h; sourceTree = "<group>"; };
		2DB2B2F5204931A300114392 /* corpc_option.pb.h */ = {isa = PBXFileReference; fileEncoding = 4; lastKnownFileType = sourcecode.c.h; path = corpc_option.pb.h; sourceTree = "<group>"; };
		2DB2B2F6204931A300114392 /* corpc_routine_env.h */ = {isa = PBXFileReference; fileEncoding = 4; lastKnownFileType = sourcecode.c.h; path = corpc_routine_env.h; sourceTree = "<group>"; };
		2DB2B2F7204931A300114392 /* corpc_io.cpp */ = {isa = PBXFileReference; fileEncoding = 4; lastKnownFileType = sourcecode.cpp.cpp; path = corpc_io.cpp; sourceTree = "<group>"; };
		2DB2B2F8204931A300114392 /* corpc_rpc_client.h */ = {isa = PBXFileReference; fileEncoding = 4; lastKnownFileType = sourcecode.c.h; path = corpc_rpc_client.h; sourceTree = "<group>"; };
		2DB2B2F9204931A300114392 /* corpc_rpc_server.h */ = {isa = PBXFileReference; fileEncoding = 4; lastKnownFileType = sourcecode.c.h; path = corpc_rpc_server.h; sourceTree = "<group>"; };
		2DB2B2FA204931A400114392 /* corpc_inner_rpc.cpp */ = {isa = PBXFileReference; fileEncoding = 4; lastKnownFileType = sourcecode.cpp.cpp; path = corpc_inner_rpc.cpp; sourceTree = "<group>"; };
		2DB2B2FB204931A400114392 /* corpc_rpc_server.cpp */ = {isa = PBXFileReference; fileEncoding = 4; lastKnownFileType = sourcecode.cpp.cpp; path = corpc_rpc_server.cpp; sourceTree = "<group>"; };
		2DB2B2FC204931A400114392 /* corpc_io.h */ = {isa = PBXFileReference; fileEncoding = 4; lastKnownFileType = sourcecode.c.h; path = corpc_io.h; sourceTree = "<group>"; };
		2DB2B2FD204931A400114392 /* corpc_option.pb.cc */ = {isa = PBXFileReference; fileEncoding = 4; lastKnownFileType = sourcecode.cpp.cpp; path = corpc_option.pb.cc; sourceTree = "<group>"; };
		2DB2B2FE204931A400114392 /* corpc_inner_rpc.h */ = {isa = PBXFileReference; fileEncoding = 4; lastKnownFileType = sourcecode.c.h; path = corpc_inner_rpc.h; sourceTree = "<group>"; };
		2DB2B2FF204931A400114392 /* corpc_routine_env.cpp */ = {isa = PBXFileReference; fileEncoding = 4; lastKnownFileType = sourcecode.cpp.cpp; path = corpc_routine_env.cpp; sourceTree = "<group>"; };
		2DEA996F207B675E0095C62F /* corpc_tcp.cpp */ = {isa = PBXFileReference; lastKnownFileType = sourcecode.cpp.cpp; path = corpc_tcp.cpp; sourceTree = "<group>"; };
		2DEA9970207B675E0095C62F /* corpc_tcp.h */ = {isa = PBXFileReference; lastKnownFileType = sourcecode.c.h; path = corpc_tcp.h; sourceTree = "<group>"; };
		2DEA9973207B679B0095C62F /* corpc_udp.cpp */ = {isa = PBXFileReference; lastKnownFileType = sourcecode.cpp.cpp; path = corpc_udp.cpp; sourceTree = "<group>"; };
		2DEA9974207B679B0095C62F /* corpc_udp.h */ = {isa = PBXFileReference; lastKnownFileType = sourcecode.c.h; path = corpc_udp.h; sourceTree = "<group>"; };
/* End PBXFileReference section */

/* Begin PBXFrameworksBuildPhase section */
		2DB2B2C42049297900114392 /* Frameworks */ = {
			isa = PBXFrameworksBuildPhase;
			buildActionMask = 2147483647;
			files = (
				2DB2B3352049366C00114392 /* libco.dylib in Frameworks */,
			);
			runOnlyForDeploymentPostprocessing = 0;
		};
/* End PBXFrameworksBuildPhase section */

/* Begin PBXGroup section */
		2DB2B2BE2049297900114392 = {
			isa = PBXGroup;
			children = (
				2DB2B2CE2049298900114392 /* src */,
				2DB2B2C82049297900114392 /* Products */,
				2DB2B2EB204929EE00114392 /* Frameworks */,
			);
			sourceTree = "<group>";
		};
		2DB2B2C82049297900114392 /* Products */ = {
			isa = PBXGroup;
			children = (
				2DB2B2C72049297900114392 /* libcorpc.dylib */,
			);
			name = Products;
			sourceTree = "<group>";
		};
		2DB2B2CE2049298900114392 /* src */ = {
			isa = PBXGroup;
			children = (
				2DB2B2F3204931A300114392 /* corpc_rpc_client.cpp */,
				2DB2B2F8204931A300114392 /* corpc_rpc_client.h */,
				2DB2B2F4204931A300114392 /* corpc_controller.h */,
				2DB2B2F2204931A300114392 /* corpc_define.h */,
				2DB2B2FA204931A400114392 /* corpc_inner_rpc.cpp */,
				2DB2B2FE204931A400114392 /* corpc_inner_rpc.h */,
				2DB2B2F7204931A300114392 /* corpc_io.cpp */,
				2DB2B2FC204931A400114392 /* corpc_io.h */,
				2DB2B2FD204931A400114392 /* corpc_option.pb.cc */,
				2DB2B2F5204931A300114392 /* corpc_option.pb.h */,
				2DB2B2FF204931A400114392 /* corpc_routine_env.cpp */,
				2DB2B2F6204931A300114392 /* corpc_routine_env.h */,
				2DB2B2FB204931A400114392 /* corpc_rpc_server.cpp */,
				2DB2B2F9204931A300114392 /* corpc_rpc_server.h */,
				2D161BE92058CAF10062BA35 /* corpc_utils.cpp */,
				2D161BEA2058CAF10062BA35 /* corpc_utils.h */,
				2DEA996F207B675E0095C62F /* corpc_tcp.cpp */,
				2DEA9970207B675E0095C62F /* corpc_tcp.h */,
				2DEA9973207B679B0095C62F /* corpc_udp.cpp */,
				2DEA9974207B679B0095C62F /* corpc_udp.h */,
			);
			name = src;
			sourceTree = "<group>";
		};
		2DB2B2EB204929EE00114392 /* Frameworks */ = {
			isa = PBXGroup;
			children = (
				2DB2B2ED204929EE00114392 /* libco.dylib */,
			);
			name = Frameworks;
			sourceTree = "<group>";
		};
/* End PBXGroup section */

/* Begin PBXHeadersBuildPhase section */
		2DB2B2C52049297900114392 /* Headers */ = {
			isa = PBXHeadersBuildPhase;
			buildActionMask = 2147483647;
			files = (
				2DB2B303204931A500114392 /* corpc_controller.h in Headers */,
				2DB2B305204931A500114392 /* corpc_routine_env.h in Headers */,
				2DB2B30B204931A500114392 /* corpc_io.h in Headers */,
				2DB2B301204931A500114392 /* corpc_define.h in Headers */,
				2DB2B308204931A500114392 /* corpc_rpc_server.h in Headers */,
				2DB2B30D204931A500114392 /* corpc_inner_rpc.h in Headers */,
				2D161BEC2058CAF10062BA35 /* corpc_utils.h in Headers */,
				2DB2B304204931A500114392 /* corpc_option.pb.h in Headers */,
				2DEA997C208480940095C62F /* corpc_rpc_client.h in Headers */,
				2DEA9983208598580095C62F /* corpc_tcp.h in Headers */,
			);
			runOnlyForDeploymentPostprocessing = 0;
		};
/* End PBXHeadersBuildPhase section */

/* Begin PBXNativeTarget section */
		2DB2B2C62049297900114392 /* corpc */ = {
			isa = PBXNativeTarget;
			buildConfigurationList = 2DB2B2CB2049297900114392 /* Build configuration list for PBXNativeTarget "corpc" */;
			buildPhases = (
				2DB2B2C32049297900114392 /* Sources */,
				2DB2B2C42049297900114392 /* Frameworks */,
				2DB2B2C52049297900114392 /* Headers */,
			);
			buildRules = (
			);
			dependencies = (
			);
			name = corpc;
			productName = corpc;
			productReference = 2DB2B2C72049297900114392 /* libcorpc.dylib */;
			productType = "com.apple.product-type.library.dynamic";
		};
/* End PBXNativeTarget section */

/* Begin PBXProject section */
		2DB2B2BF2049297900114392 /* Project object */ = {
			isa = PBXProject;
			attributes = {
				LastUpgradeCheck = 0920;
				ORGANIZATIONNAME = Dena;
				TargetAttributes = {
					2DB2B2C62049297900114392 = {
						CreatedOnToolsVersion = 9.2;
						ProvisioningStyle = Automatic;
					};
				};
			};
			buildConfigurationList = 2DB2B2C22049297900114392 /* Build configuration list for PBXProject "corpc" */;
			compatibilityVersion = "Xcode 8.0";
			developmentRegion = en;
			hasScannedForEncodings = 0;
			knownRegions = (
				en,
			);
			mainGroup = 2DB2B2BE2049297900114392;
			productRefGroup = 2DB2B2C82049297900114392 /* Products */;
			projectDirPath = "";
			projectRoot = "";
			targets = (
				2DB2B2C62049297900114392 /* corpc */,
			);
		};
/* End PBXProject section */

/* Begin PBXSourcesBuildPhase section */
		2DB2B2C32049297900114392 /* Sources */ = {
			isa = PBXSourcesBuildPhase;
			buildActionMask = 2147483647;
			files = (
				2DEA9982208598550095C62F /* corpc_tcp.cpp in Sources */,
				2DEA997D208480960095C62F /* corpc_rpc_client.cpp in Sources */,
				2DB2B30C204931A500114392 /* corpc_option.pb.cc in Sources */,
				2D161BEB2058CAF10062BA35 /* corpc_utils.cpp in Sources */,
				2DB2B309204931A500114392 /* corpc_inner_rpc.cpp in Sources */,
				2DB2B30A204931A500114392 /* corpc_rpc_server.cpp in Sources */,
				2DB2B30E204931A500114392 /* corpc_routine_env.cpp in Sources */,
				2DB2B306204931A500114392 /* corpc_io.cpp in Sources */,
			);
			runOnlyForDeploymentPostprocessing = 0;
		};
/* End PBXSourcesBuildPhase section */

/* Begin XCBuildConfiguration section */
		2DB2B2C92049297900114392 /* Debug */ = {
			isa = XCBuildConfiguration;
			buildSettings = {
				ALWAYS_SEARCH_USER_PATHS = NO;
				CLANG_ANALYZER_NONNULL = YES;
				CLANG_ANALYZER_NUMBER_OBJECT_CONVERSION = YES_AGGRESSIVE;
				CLANG_CXX_LANGUAGE_STANDARD = "gnu++14";
				CLANG_CXX_LIBRARY = "libc++";
				CLANG_ENABLE_MODULES = YES;
				CLANG_ENABLE_OBJC_ARC = YES;
				CLANG_WARN_BLOCK_CAPTURE_AUTORELEASING = YES;
				CLANG_WARN_BOOL_CONVERSION = YES;
				CLANG_WARN_COMMA = YES;
				CLANG_WARN_CONSTANT_CONVERSION = YES;
				CLANG_WARN_DIRECT_OBJC_ISA_USAGE = YES_ERROR;
				CLANG_WARN_DOCUMENTATION_COMMENTS = YES;
				CLANG_WARN_EMPTY_BODY = YES;
				CLANG_WARN_ENUM_CONVERSION = YES;
				CLANG_WARN_INFINITE_RECURSION = YES;
				CLANG_WARN_INT_CONVERSION = YES;
				CLANG_WARN_NON_LITERAL_NULL_CONVERSION = YES;
				CLANG_WARN_OBJC_LITERAL_CONVERSION = YES;
				CLANG_WARN_OBJC_ROOT_CLASS = YES_ERROR;
				CLANG_WARN_RANGE_LOOP_ANALYSIS = YES;
				CLANG_WARN_STRICT_PROTOTYPES = YES;
				CLANG_WARN_SUSPICIOUS_MOVE = YES;
				CLANG_WARN_UNGUARDED_AVAILABILITY = YES_AGGRESSIVE;
				CLANG_WARN_UNREACHABLE_CODE = YES;
				CLANG_WARN__DUPLICATE_METHOD_MATCH = YES;
				CODE_SIGN_IDENTITY = "-";
				COPY_PHASE_STRIP = NO;
				DEBUG_INFORMATION_FORMAT = dwarf;
				ENABLE_STRICT_OBJC_MSGSEND = YES;
				ENABLE_TESTABILITY = YES;
				GCC_C_LANGUAGE_STANDARD = gnu11;
				GCC_DYNAMIC_NO_PIC = NO;
				GCC_NO_COMMON_BLOCKS = YES;
				GCC_OPTIMIZATION_LEVEL = 0;
				GCC_PREPROCESSOR_DEFINITIONS = (
					"DEBUG=1",
					"$(inherited)",
				);
				GCC_WARN_64_TO_32_BIT_CONVERSION = YES;
				GCC_WARN_ABOUT_RETURN_TYPE = YES_ERROR;
				GCC_WARN_UNDECLARED_SELECTOR = YES;
				GCC_WARN_UNINITIALIZED_AUTOS = YES_AGGRESSIVE;
				GCC_WARN_UNUSED_FUNCTION = YES;
				GCC_WARN_UNUSED_VARIABLE = YES;
				MACOSX_DEPLOYMENT_TARGET = 10.12;
				MTL_ENABLE_DEBUG_INFO = YES;
				ONLY_ACTIVE_ARCH = YES;
				SDKROOT = macosx;
			};
			name = Debug;
		};
		2DB2B2CA2049297900114392 /* Release */ = {
			isa = XCBuildConfiguration;
			buildSettings = {
				ALWAYS_SEARCH_USER_PATHS = NO;
				CLANG_ANALYZER_NONNULL = YES;
				CLANG_ANALYZER_NUMBER_OBJECT_CONVERSION = YES_AGGRESSIVE;
				CLANG_CXX_LANGUAGE_STANDARD = "gnu++14";
				CLANG_CXX_LIBRARY = "libc++";
				CLANG_ENABLE_MODULES = YES;
				CLANG_ENABLE_OBJC_ARC = YES;
				CLANG_WARN_BLOCK_CAPTURE_AUTORELEASING = YES;
				CLANG_WARN_BOOL_CONVERSION = YES;
				CLANG_WARN_COMMA = YES;
				CLANG_WARN_CONSTANT_CONVERSION = YES;
				CLANG_WARN_DIRECT_OBJC_ISA_USAGE = YES_ERROR;
				CLANG_WARN_DOCUMENTATION_COMMENTS = YES;
				CLANG_WARN_EMPTY_BODY = YES;
				CLANG_WARN_ENUM_CONVERSION = YES;
				CLANG_WARN_INFINITE_RECURSION = YES;
				CLANG_WARN_INT_CONVERSION = YES;
				CLANG_WARN_NON_LITERAL_NULL_CONVERSION = YES;
				CLANG_WARN_OBJC_LITERAL_CONVERSION = YES;
				CLANG_WARN_OBJC_ROOT_CLASS = YES_ERROR;
				CLANG_WARN_RANGE_LOOP_ANALYSIS = YES;
				CLANG_WARN_STRICT_PROTOTYPES = YES;
				CLANG_WARN_SUSPICIOUS_MOVE = YES;
				CLANG_WARN_UNGUARDED_AVAILABILITY = YES_AGGRESSIVE;
				CLANG_WARN_UNREACHABLE_CODE = YES;
				CLANG_WARN__DUPLICATE_METHOD_MATCH = YES;
				CODE_SIGN_IDENTITY = "-";
				COPY_PHASE_STRIP = NO;
				DEBUG_INFORMATION_FORMAT = "dwarf-with-dsym";
				ENABLE_NS_ASSERTIONS = NO;
				ENABLE_STRICT_OBJC_MSGSEND = YES;
				GCC_C_LANGUAGE_STANDARD = gnu11;
				GCC_NO_COMMON_BLOCKS = YES;
				GCC_WARN_64_TO_32_BIT_CONVERSION = YES;
				GCC_WARN_ABOUT_RETURN_TYPE = YES_ERROR;
				GCC_WARN_UNDECLARED_SELECTOR = YES;
				GCC_WARN_UNINITIALIZED_AUTOS = YES_AGGRESSIVE;
				GCC_WARN_UNUSED_FUNCTION = YES;
				GCC_WARN_UNUSED_VARIABLE = YES;
				MACOSX_DEPLOYMENT_TARGET = 10.12;
				MTL_ENABLE_DEBUG_INFO = NO;
				SDKROOT = macosx;
			};
			name = Release;
		};
		2DB2B2CC2049297900114392 /* Debug */ = {
			isa = XCBuildConfiguration;
			buildSettings = {
				CODE_SIGN_STYLE = Automatic;
				DYLIB_COMPATIBILITY_VERSION = 1;
				DYLIB_CURRENT_VERSION = 1;
				EXECUTABLE_PREFIX = lib;
				HEADER_SEARCH_PATHS = (
					/usr/local/include,
					../co,
				);
				LIBRARY_SEARCH_PATHS = /usr/local/lib;
				OTHER_LDFLAGS = "-lprotobuf";
				PRODUCT_NAME = "$(TARGET_NAME)";
			};
			name = Debug;
		};
		2DB2B2CD2049297900114392 /* Release */ = {
			isa = XCBuildConfiguration;
			buildSettings = {
				CODE_SIGN_STYLE = Automatic;
				DYLIB_COMPATIBILITY_VERSION = 1;
				DYLIB_CURRENT_VERSION = 1;
				EXECUTABLE_PREFIX = lib;
				HEADER_SEARCH_PATHS = (
					/usr/local/include,
					../co,
				);
				LIBRARY_SEARCH_PATHS = /usr/local/lib;
				OTHER_LDFLAGS = "-lprotobuf";
				PRODUCT_NAME = "$(TARGET_NAME)";
			};
			name = Release;
		};
/* End XCBuildConfiguration section */

/* Begin XCConfigurationList section */
		2DB2B2C22049297900114392 /* Build configuration list for PBXProject "corpc" */ = {
			isa = XCConfigurationList;
			buildConfigurations = (
				2DB2B2C92049297900114392 /* Debug */,
				2DB2B2CA2049297900114392 /* Release */,
			);
			defaultConfigurationIsVisible = 0;
			defaultConfigurationName = Release;
		};
		2DB2B2CB2049297900114392 /* Build configuration list for PBXNativeTarget "corpc" */ = {
			isa = XCConfigurationList;
			buildConfigurations = (
				2DB2B2CC2049297900114392 /* Debug */,
				2DB2B2CD2049297900114392 /* Release */,
			);
			defaultConfigurationIsVisible = 0;
			defaultConfigurationName = Release;
		};
/* End XCConfigurationList section */
	};
	rootObject = 2DB2B2BF2049297900114392 /* Project object */;
}
