// !$*UTF8*$!
{
	archiveVersion = 1;
	classes = {
	};
	objectVersion = 48;
	objects = {

/* Begin PBXBuildFile section */
		2D6EEF012057D5120018650F /* client.cpp in Sources */ = {isa = PBXBuildFile; fileRef = 2D6EEF002057D5120018650F /* client.cpp */; };
		2D6EEF042057D51C0018650F /* factorial.pb.cc in Sources */ = {isa = PBXBuildFile; fileRef = 2D6EEF022057D51C0018650F /* factorial.pb.cc */; };
		2D6EEF062057D5D50018650F /* libco.dylib in Frameworks */ = {isa = PBXBuildFile; fileRef = 2D6EEF082057D5D50018650F /* libco.dylib */; };
		2D6EEF072057D5D50018650F /* libcorpc.dylib in Frameworks */ = {isa = PBXBuildFile; fileRef = 2D6EEF092057D5D50018650F /* libcorpc.dylib */; };
/* End PBXBuildFile section */

/* Begin PBXCopyFilesBuildPhase section */
		2D6EEEF32057D4E10018650F /* CopyFiles */ = {
			isa = PBXCopyFilesBuildPhase;
			buildActionMask = 2147483647;
			dstPath = /usr/share/man/man1/;
			dstSubfolderSpec = 0;
			files = (
			);
			runOnlyForDeploymentPostprocessing = 1;
		};
/* End PBXCopyFilesBuildPhase section */

/* Begin PBXFileReference section */
		2D6EEEF52057D4E10018650F /* Tutorial5Client */ = {isa = PBXFileReference; explicitFileType = "compiled.mach-o.executable"; includeInIndex = 0; path = Tutorial5Client; sourceTree = BUILT_PRODUCTS_DIR; };
		2D6EEF002057D5120018650F /* client.cpp */ = {isa = PBXFileReference; fileEncoding = 4; lastKnownFileType = sourcecode.cpp.cpp; path = client.cpp; sourceTree = "<group>"; };
		2D6EEF022057D51C0018650F /* factorial.pb.cc */ = {isa = PBXFileReference; fileEncoding = 4; lastKnownFileType = sourcecode.cpp.cpp; name = factorial.pb.cc; path = ../proto/factorial.pb.cc; sourceTree = "<group>"; };
		2D6EEF032057D51C0018650F /* factorial.pb.h */ = {isa = PBXFileReference; fileEncoding = 4; lastKnownFileType = sourcecode.c.h; name = factorial.pb.h; path = ../proto/factorial.pb.h; sourceTree = "<group>"; };
		2D6EEF082057D5D50018650F /* libco.dylib */ = {isa = PBXFileReference; explicitFileType = "compiled.mach-o.dylib"; path = libco.dylib; sourceTree = BUILT_PRODUCTS_DIR; };
		2D6EEF092057D5D50018650F /* libcorpc.dylib */ = {isa = PBXFileReference; explicitFileType = "compiled.mach-o.dylib"; path = libcorpc.dylib; sourceTree = BUILT_PRODUCTS_DIR; };
/* End PBXFileReference section */

/* Begin PBXFrameworksBuildPhase section */
		2D6EEEF22057D4E10018650F /* Frameworks */ = {
			isa = PBXFrameworksBuildPhase;
			buildActionMask = 2147483647;
			files = (
				2D6EEF062057D5D50018650F /* libco.dylib in Frameworks */,
				2D6EEF072057D5D50018650F /* libcorpc.dylib in Frameworks */,
			);
			runOnlyForDeploymentPostprocessing = 0;
		};
/* End PBXFrameworksBuildPhase section */

/* Begin PBXGroup section */
		2D6EEEEC2057D4E10018650F = {
			isa = PBXGroup;
			children = (
				2D6EEEFF2057D5090018650F /* src */,
				2D6EEEF62057D4E10018650F /* Products */,
				2D6EEF052057D5D50018650F /* Frameworks */,
			);
			sourceTree = "<group>";
		};
		2D6EEEF62057D4E10018650F /* Products */ = {
			isa = PBXGroup;
			children = (
				2D6EEEF52057D4E10018650F /* Tutorial5Client */,
			);
			name = Products;
			sourceTree = "<group>";
		};
		2D6EEEFF2057D5090018650F /* src */ = {
			isa = PBXGroup;
			children = (
				2D6EEF022057D51C0018650F /* factorial.pb.cc */,
				2D6EEF032057D51C0018650F /* factorial.pb.h */,
				2D6EEF002057D5120018650F /* client.cpp */,
			);
			name = src;
			sourceTree = "<group>";
		};
		2D6EEF052057D5D50018650F /* Frameworks */ = {
			isa = PBXGroup;
			children = (
				2D6EEF082057D5D50018650F /* libco.dylib */,
				2D6EEF092057D5D50018650F /* libcorpc.dylib */,
			);
			name = Frameworks;
			sourceTree = "<group>";
		};
/* End PBXGroup section */

/* Begin PBXNativeTarget section */
		2D6EEEF42057D4E10018650F /* Tutorial5Client */ = {
			isa = PBXNativeTarget;
			buildConfigurationList = 2D6EEEFC2057D4E10018650F /* Build configuration list for PBXNativeTarget "Tutorial5Client" */;
			buildPhases = (
				2D6EEEF12057D4E10018650F /* Sources */,
				2D6EEEF22057D4E10018650F /* Frameworks */,
				2D6EEEF32057D4E10018650F /* CopyFiles */,
			);
			buildRules = (
			);
			dependencies = (
			);
			name = Tutorial5Client;
			productName = Tutorial5Client;
			productReference = 2D6EEEF52057D4E10018650F /* Tutorial5Client */;
			productType = "com.apple.product-type.tool";
		};
/* End PBXNativeTarget section */

/* Begin PBXProject section */
		2D6EEEED2057D4E10018650F /* Project object */ = {
			isa = PBXProject;
			attributes = {
				LastUpgradeCheck = 0920;
				ORGANIZATIONNAME = Dena;
				TargetAttributes = {
					2D6EEEF42057D4E10018650F = {
						CreatedOnToolsVersion = 9.2;
						ProvisioningStyle = Automatic;
					};
				};
			};
			buildConfigurationList = 2D6EEEF02057D4E10018650F /* Build configuration list for PBXProject "Tutorial5Client" */;
			compatibilityVersion = "Xcode 8.0";
			developmentRegion = en;
			hasScannedForEncodings = 0;
			knownRegions = (
				en,
			);
			mainGroup = 2D6EEEEC2057D4E10018650F;
			productRefGroup = 2D6EEEF62057D4E10018650F /* Products */;
			projectDirPath = "";
			projectRoot = "";
			targets = (
				2D6EEEF42057D4E10018650F /* Tutorial5Client */,
			);
		};
/* End PBXProject section */

/* Begin PBXSourcesBuildPhase section */
		2D6EEEF12057D4E10018650F /* Sources */ = {
			isa = PBXSourcesBuildPhase;
			buildActionMask = 2147483647;
			files = (
				2D6EEF042057D51C0018650F /* factorial.pb.cc in Sources */,
				2D6EEF012057D5120018650F /* client.cpp in Sources */,
			);
			runOnlyForDeploymentPostprocessing = 0;
		};
/* End PBXSourcesBuildPhase section */

/* Begin XCBuildConfiguration section */
		2D6EEEFA2057D4E10018650F /* Debug */ = {
			isa = XCBuildConfiguration;
			buildSettings = {
				ALWAYS_SEARCH_USER_PATHS = NO;
				CLANG_ANALYZER_NONNULL = YES;
				CLANG_ANALYZER_NUMBER_OBJECT_CONVERSION = YES_AGGRESSIVE;
				CLANG_CXX_LANGUAGE_STANDARD = "gnu++14";
				CLANG_CXX_LIBRARY = "libc++";
				CLANG_ENABLE_MODULES = YES;
				CLANG_ENABLE_OBJC_ARC = YES;
				CLANG_WARN_BLOCK_CAPTURE_AUTORELEASING = YES;
				CLANG_WARN_BOOL_CONVERSION = YES;
				CLANG_WARN_COMMA = YES;
				CLANG_WARN_CONSTANT_CONVERSION = YES;
				CLANG_WARN_DIRECT_OBJC_ISA_USAGE = YES_ERROR;
				CLANG_WARN_DOCUMENTATION_COMMENTS = YES;
				CLANG_WARN_EMPTY_BODY = YES;
				CLANG_WARN_ENUM_CONVERSION = YES;
				CLANG_WARN_INFINITE_RECURSION = YES;
				CLANG_WARN_INT_CONVERSION = YES;
				CLANG_WARN_NON_LITERAL_NULL_CONVERSION = YES;
				CLANG_WARN_OBJC_LITERAL_CONVERSION = YES;
				CLANG_WARN_OBJC_ROOT_CLASS = YES_ERROR;
				CLANG_WARN_RANGE_LOOP_ANALYSIS = YES;
				CLANG_WARN_STRICT_PROTOTYPES = YES;
				CLANG_WARN_SUSPICIOUS_MOVE = YES;
				CLANG_WARN_UNGUARDED_AVAILABILITY = YES_AGGRESSIVE;
				CLANG_WARN_UNREACHABLE_CODE = YES;
				CLANG_WARN__DUPLICATE_METHOD_MATCH = YES;
				CODE_SIGN_IDENTITY = "-";
				COPY_PHASE_STRIP = NO;
				DEBUG_INFORMATION_FORMAT = dwarf;
				ENABLE_STRICT_OBJC_MSGSEND = YES;
				ENABLE_TESTABILITY = YES;
				GCC_C_LANGUAGE_STANDARD = gnu11;
				GCC_DYNAMIC_NO_PIC = NO;
				GCC_NO_COMMON_BLOCKS = YES;
				GCC_OPTIMIZATION_LEVEL = 0;
				GCC_PREPROCESSOR_DEFINITIONS = (
					"DEBUG=1",
					"$(inherited)",
				);
				GCC_WARN_64_TO_32_BIT_CONVERSION = YES;
				GCC_WARN_ABOUT_RETURN_TYPE = YES_ERROR;
				GCC_WARN_UNDECLARED_SELECTOR = YES;
				GCC_WARN_UNINITIALIZED_AUTOS = YES_AGGRESSIVE;
				GCC_WARN_UNUSED_FUNCTION = YES;
				GCC_WARN_UNUSED_VARIABLE = YES;
				MACOSX_DEPLOYMENT_TARGET = 10.12;
				MTL_ENABLE_DEBUG_INFO = YES;
				ONLY_ACTIVE_ARCH = YES;
				SDKROOT = macosx;
			};
			name = Debug;
		};
		2D6EEEFB2057D4E10018650F /* Release */ = {
			isa = XCBuildConfiguration;
			buildSettings = {
				ALWAYS_SEARCH_USER_PATHS = NO;
				CLANG_ANALYZER_NONNULL = YES;
				CLANG_ANALYZER_NUMBER_OBJECT_CONVERSION = YES_AGGRESSIVE;
				CLANG_CXX_LANGUAGE_STANDARD = "gnu++14";
				CLANG_CXX_LIBRARY = "libc++";
				CLANG_ENABLE_MODULES = YES;
				CLANG_ENABLE_OBJC_ARC = YES;
				CLANG_WARN_BLOCK_CAPTURE_AUTORELEASING = YES;
				CLANG_WARN_BOOL_CONVERSION = YES;
				CLANG_WARN_COMMA = YES;
				CLANG_WARN_CONSTANT_CONVERSION = YES;
				CLANG_WARN_DIRECT_OBJC_ISA_USAGE = YES_ERROR;
				CLANG_WARN_DOCUMENTATION_COMMENTS = YES;
				CLANG_WARN_EMPTY_BODY = YES;
				CLANG_WARN_ENUM_CONVERSION = YES;
				CLANG_WARN_INFINITE_RECURSION = YES;
				CLANG_WARN_INT_CONVERSION = YES;
				CLANG_WARN_NON_LITERAL_NULL_CONVERSION = YES;
				CLANG_WARN_OBJC_LITERAL_CONVERSION = YES;
				CLANG_WARN_OBJC_ROOT_CLASS = YES_ERROR;
				CLANG_WARN_RANGE_LOOP_ANALYSIS = YES;
				CLANG_WARN_STRICT_PROTOTYPES = YES;
				CLANG_WARN_SUSPICIOUS_MOVE = YES;
				CLANG_WARN_UNGUARDED_AVAILABILITY = YES_AGGRESSIVE;
				CLANG_WARN_UNREACHABLE_CODE = YES;
				CLANG_WARN__DUPLICATE_METHOD_MATCH = YES;
				CODE_SIGN_IDENTITY = "-";
				COPY_PHASE_STRIP = NO;
				DEBUG_INFORMATION_FORMAT = "dwarf-with-dsym";
				ENABLE_NS_ASSERTIONS = NO;
				ENABLE_STRICT_OBJC_MSGSEND = YES;
				GCC_C_LANGUAGE_STANDARD = gnu11;
				GCC_NO_COMMON_BLOCKS = YES;
				GCC_WARN_64_TO_32_BIT_CONVERSION = YES;
				GCC_WARN_ABOUT_RETURN_TYPE = YES_ERROR;
				GCC_WARN_UNDECLARED_SELECTOR = YES;
				GCC_WARN_UNINITIALIZED_AUTOS = YES_AGGRESSIVE;
				GCC_WARN_UNUSED_FUNCTION = YES;
				GCC_WARN_UNUSED_VARIABLE = YES;
				MACOSX_DEPLOYMENT_TARGET = 10.12;
				MTL_ENABLE_DEBUG_INFO = NO;
				SDKROOT = macosx;
			};
			name = Release;
		};
		2D6EEEFD2057D4E10018650F /* Debug */ = {
			isa = XCBuildConfiguration;
			buildSettings = {
				CODE_SIGN_STYLE = Automatic;
				HEADER_SEARCH_PATHS = (
					/usr/local/include,
					../../co,
					../../corpc,
				);
				LIBRARY_SEARCH_PATHS = /usr/local/lib;
				OTHER_LDFLAGS = "-lprotobuf";
				PRODUCT_NAME = "$(TARGET_NAME)";
			};
			name = Debug;
		};
		2D6EEEFE2057D4E10018650F /* Release */ = {
			isa = XCBuildConfiguration;
			buildSettings = {
				CODE_SIGN_STYLE = Automatic;
				HEADER_SEARCH_PATHS = (
					/usr/local/include,
					../../co,
					../../corpc,
				);
				LIBRARY_SEARCH_PATHS = /usr/local/lib;
				OTHER_LDFLAGS = "-lprotobuf";
				PRODUCT_NAME = "$(TARGET_NAME)";
			};
			name = Release;
		};
/* End XCBuildConfiguration section */

/* Begin XCConfigurationList section */
		2D6EEEF02057D4E10018650F /* Build configuration list for PBXProject "Tutorial5Client" */ = {
			isa = XCConfigurationList;
			buildConfigurations = (
				2D6EEEFA2057D4E10018650F /* Debug */,
				2D6EEEFB2057D4E10018650F /* Release */,
			);
			defaultConfigurationIsVisible = 0;
			defaultConfigurationName = Release;
		};
		2D6EEEFC2057D4E10018650F /* Build configuration list for PBXNativeTarget "Tutorial5Client" */ = {
			isa = XCConfigurationList;
			buildConfigurations = (
				2D6EEEFD2057D4E10018650F /* Debug */,
				2D6EEEFE2057D4E10018650F /* Release */,
			);
			defaultConfigurationIsVisible = 0;
			defaultConfigurationName = Release;
		};
/* End XCConfigurationList section */
	};
	rootObject = 2D6EEEED2057D4E10018650F /* Project object */;
}
