// !$*UTF8*$!
{
	archiveVersion = 1;
	classes = {
	};
	objectVersion = 48;
	objects = {

/* Begin PBXBuildFile section */
		2DEA9A0F20946D270095C62F /* server.cpp in Sources */ = {isa = PBXBuildFile; fileRef = 2DEA9A0E20946D270095C62F /* server.cpp */; };
		2DEA9A1220946D360095C62F /* foo.pb.cc in Sources */ = {isa = PBXBuildFile; fileRef = 2DEA9A1020946D350095C62F /* foo.pb.cc */; };
		2DEA9A1420946DBE0095C62F /* libco.dylib in Frameworks */ = {isa = PBXBuildFile; fileRef = 2DEA9A1620946DBE0095C62F /* libco.dylib */; };
		2DEA9A1520946DBE0095C62F /* libcorpc.dylib in Frameworks */ = {isa = PBXBuildFile; fileRef = 2DEA9A1720946DBE0095C62F /* libcorpc.dylib */; };
		2DEA9A2520946F5C0095C62F /* client.cpp in Sources */ = {isa = PBXBuildFile; fileRef = 2DEA9A1820946F130095C62F /* client.cpp */; };
/* End PBXBuildFile section */

/* Begin PBXCopyFilesBuildPhase section */
		2DEA9A0020946A6B0095C62F /* CopyFiles */ = {
			isa = PBXCopyFilesBuildPhase;
			buildActionMask = 2147483647;
			dstPath = /usr/share/man/man1/;
			dstSubfolderSpec = 0;
			files = (
			);
			runOnlyForDeploymentPostprocessing = 1;
		};
		2DEA9A1C20946F480095C62F /* CopyFiles */ = {
			isa = PBXCopyFilesBuildPhase;
			buildActionMask = 2147483647;
			dstPath = /usr/share/man/man1/;
			dstSubfolderSpec = 0;
			files = (
			);
			runOnlyForDeploymentPostprocessing = 1;
		};
/* End PBXCopyFilesBuildPhase section */

/* Begin PBXFileReference section */
		2DEA9A0220946A6B0095C62F /* echoUdpsvr */ = {isa = PBXFileReference; explicitFileType = "compiled.mach-o.executable"; includeInIndex = 0; path = echoUdpsvr; sourceTree = BUILT_PRODUCTS_DIR; };
		2DEA9A0E20946D270095C62F /* server.cpp */ = {isa = PBXFileReference; fileEncoding = 4; lastKnownFileType = sourcecode.cpp.cpp; path = server.cpp; sourceTree = "<group>"; };
		2DEA9A1020946D350095C62F /* foo.pb.cc */ = {isa = PBXFileReference; fileEncoding = 4; lastKnownFileType = sourcecode.cpp.cpp; name = foo.pb.cc; path = ../proto/foo.pb.cc; sourceTree = "<group>"; };
		2DEA9A1120946D350095C62F /* foo.pb.h */ = {isa = PBXFileReference; fileEncoding = 4; lastKnownFileType = sourcecode.c.h; name = foo.pb.h; path = ../proto/foo.pb.h; sourceTree = "<group>"; };
		2DEA9A1620946DBE0095C62F /* libco.dylib */ = {isa = PBXFileReference; explicitFileType = "compiled.mach-o.dylib"; path = libco.dylib; sourceTree = BUILT_PRODUCTS_DIR; };
		2DEA9A1720946DBE0095C62F /* libcorpc.dylib */ = {isa = PBXFileReference; explicitFileType = "compiled.mach-o.dylib"; path = libcorpc.dylib; sourceTree = BUILT_PRODUCTS_DIR; };
		2DEA9A1820946F130095C62F /* client.cpp */ = {isa = PBXFileReference; lastKnownFileType = sourcecode.cpp.cpp; path = client.cpp; sourceTree = "<group>"; };
		2DEA9A1E20946F480095C62F /* echoUdpclt */ = {isa = PBXFileReference; explicitFileType = "compiled.mach-o.executable"; includeInIndex = 0; path = echoUdpclt; sourceTree = BUILT_PRODUCTS_DIR; };
/* End PBXFileReference section */

/* Begin PBXFrameworksBuildPhase section */
		2DEA99FF20946A6B0095C62F /* Frameworks */ = {
			isa = PBXFrameworksBuildPhase;
			buildActionMask = 2147483647;
			files = (
				2DEA9A1420946DBE0095C62F /* libco.dylib in Frameworks */,
				2DEA9A1520946DBE0095C62F /* libcorpc.dylib in Frameworks */,
			);
			runOnlyForDeploymentPostprocessing = 0;
		};
		2DEA9A1B20946F480095C62F /* Frameworks */ = {
			isa = PBXFrameworksBuildPhase;
			buildActionMask = 2147483647;
			files = (
			);
			runOnlyForDeploymentPostprocessing = 0;
		};
/* End PBXFrameworksBuildPhase section */

/* Begin PBXGroup section */
		2DEA99F920946A6B0095C62F = {
			isa = PBXGroup;
			children = (
				2DEA9A0D20946C9B0095C62F /* src */,
				2DEA9A0320946A6B0095C62F /* Products */,
				2DEA9A1320946DBE0095C62F /* Frameworks */,
			);
			sourceTree = "<group>";
		};
		2DEA9A0320946A6B0095C62F /* Products */ = {
			isa = PBXGroup;
			children = (
				2DEA9A0220946A6B0095C62F /* echoUdpsvr */,
				2DEA9A1E20946F480095C62F /* echoUdpclt */,
			);
			name = Products;
			sourceTree = "<group>";
		};
		2DEA9A0D20946C9B0095C62F /* src */ = {
			isa = PBXGroup;
			children = (
				2DEA9A1020946D350095C62F /* foo.pb.cc */,
				2DEA9A1120946D350095C62F /* foo.pb.h */,
				2DEA9A1820946F130095C62F /* client.cpp */,
				2DEA9A0E20946D270095C62F /* server.cpp */,
			);
			name = src;
			sourceTree = "<group>";
		};
		2DEA9A1320946DBE0095C62F /* Frameworks */ = {
			isa = PBXGroup;
			children = (
				2DEA9A1620946DBE0095C62F /* libco.dylib */,
				2DEA9A1720946DBE0095C62F /* libcorpc.dylib */,
			);
			name = Frameworks;
			sourceTree = "<group>";
		};
/* End PBXGroup section */

/* Begin PBXNativeTarget section */
		2DEA9A0120946A6B0095C62F /* echoUdpsvr */ = {
			isa = PBXNativeTarget;
			buildConfigurationList = 2DEA9A0920946A6B0095C62F /* Build configuration list for PBXNativeTarget "echoUdpsvr" */;
			buildPhases = (
				2DEA99FE20946A6B0095C62F /* Sources */,
				2DEA99FF20946A6B0095C62F /* Frameworks */,
				2DEA9A0020946A6B0095C62F /* CopyFiles */,
			);
			buildRules = (
			);
			dependencies = (
			);
			name = echoUdpsvr;
			productName = echoUdp;
			productReference = 2DEA9A0220946A6B0095C62F /* echoUdpsvr */;
			productType = "com.apple.product-type.tool";
		};
		2DEA9A1D20946F480095C62F /* echoUdpclt */ = {
			isa = PBXNativeTarget;
			buildConfigurationList = 2DEA9A2220946F480095C62F /* Build configuration list for PBXNativeTarget "echoUdpclt" */;
			buildPhases = (
				2DEA9A1A20946F480095C62F /* Sources */,
				2DEA9A1B20946F480095C62F /* Frameworks */,
				2DEA9A1C20946F480095C62F /* CopyFiles */,
			);
			buildRules = (
			);
			dependencies = (
			);
			name = echoUdpclt;
			productName = echoUdpclt;
			productReference = 2DEA9A1E20946F480095C62F /* echoUdpclt */;
			productType = "com.apple.product-type.tool";
		};
/* End PBXNativeTarget section */

/* Begin PBXProject section */
		2DEA99FA20946A6B0095C62F /* Project object */ = {
			isa = PBXProject;
			attributes = {
				LastUpgradeCheck = 0920;
				ORGANIZATIONNAME = Dena;
				TargetAttributes = {
					2DEA9A0120946A6B0095C62F = {
						CreatedOnToolsVersion = 9.2;
						ProvisioningStyle = Automatic;
					};
					2DEA9A1D20946F480095C62F = {
						CreatedOnToolsVersion = 9.2;
						ProvisioningStyle = Automatic;
					};
				};
			};
			buildConfigurationList = 2DEA99FD20946A6B0095C62F /* Build configuration list for PBXProject "echoUdp" */;
			compatibilityVersion = "Xcode 8.0";
			developmentRegion = en;
			hasScannedForEncodings = 0;
			knownRegions = (
				en,
			);
			mainGroup = 2DEA99F920946A6B0095C62F;
			productRefGroup = 2DEA9A0320946A6B0095C62F /* Products */;
			projectDirPath = "";
			projectRoot = "";
			targets = (
				2DEA9A0120946A6B0095C62F /* echoUdpsvr */,
				2DEA9A1D20946F480095C62F /* echoUdpclt */,
			);
		};
/* End PBXProject section */

/* Begin PBXSourcesBuildPhase section */
		2DEA99FE20946A6B0095C62F /* Sources */ = {
			isa = PBXSourcesBuildPhase;
			buildActionMask = 2147483647;
			files = (
				2DEA9A0F20946D270095C62F /* server.cpp in Sources */,
				2DEA9A1220946D360095C62F /* foo.pb.cc in Sources */,
			);
			runOnlyForDeploymentPostprocessing = 0;
		};
		2DEA9A1A20946F480095C62F /* Sources */ = {
			isa = PBXSourcesBuildPhase;
			buildActionMask = 2147483647;
			files = (
				2DEA9A2520946F5C0095C62F /* client.cpp in Sources */,
			);
			runOnlyForDeploymentPostprocessing = 0;
		};
/* End PBXSourcesBuildPhase section */

/* Begin XCBuildConfiguration section */
		2DEA9A0720946A6B0095C62F /* Debug */ = {
			isa = XCBuildConfiguration;
			buildSettings = {
				ALWAYS_SEARCH_USER_PATHS = NO;
				CLANG_ANALYZER_NONNULL = YES;
				CLANG_ANALYZER_NUMBER_OBJECT_CONVERSION = YES_AGGRESSIVE;
				CLANG_CXX_LANGUAGE_STANDARD = "gnu++14";
				CLANG_CXX_LIBRARY = "libc++";
				CLANG_ENABLE_MODULES = YES;
				CLANG_ENABLE_OBJC_ARC = YES;
				CLANG_WARN_BLOCK_CAPTURE_AUTORELEASING = YES;
				CLANG_WARN_BOOL_CONVERSION = YES;
				CLANG_WARN_COMMA = YES;
				CLANG_WARN_CONSTANT_CONVERSION = YES;
				CLANG_WARN_DIRECT_OBJC_ISA_USAGE = YES_ERROR;
				CLANG_WARN_DOCUMENTATION_COMMENTS = YES;
				CLANG_WARN_EMPTY_BODY = YES;
				CLANG_WARN_ENUM_CONVERSION = YES;
				CLANG_WARN_INFINITE_RECURSION = YES;
				CLANG_WARN_INT_CONVERSION = YES;
				CLANG_WARN_NON_LITERAL_NULL_CONVERSION = YES;
				CLANG_WARN_OBJC_LITERAL_CONVERSION = YES;
				CLANG_WARN_OBJC_ROOT_CLASS = YES_ERROR;
				CLANG_WARN_RANGE_LOOP_ANALYSIS = YES;
				CLANG_WARN_STRICT_PROTOTYPES = YES;
				CLANG_WARN_SUSPICIOUS_MOVE = YES;
				CLANG_WARN_UNGUARDED_AVAILABILITY = YES_AGGRESSIVE;
				CLANG_WARN_UNREACHABLE_CODE = YES;
				CLANG_WARN__DUPLICATE_METHOD_MATCH = YES;
				CODE_SIGN_IDENTITY = "-";
				COPY_PHASE_STRIP = NO;
				DEBUG_INFORMATION_FORMAT = dwarf;
				ENABLE_STRICT_OBJC_MSGSEND = YES;
				ENABLE_TESTABILITY = YES;
				GCC_C_LANGUAGE_STANDARD = gnu11;
				GCC_DYNAMIC_NO_PIC = NO;
				GCC_NO_COMMON_BLOCKS = YES;
				GCC_OPTIMIZATION_LEVEL = 0;
				GCC_PREPROCESSOR_DEFINITIONS = (
					"DEBUG=1",
					"$(inherited)",
				);
				GCC_WARN_64_TO_32_BIT_CONVERSION = YES;
				GCC_WARN_ABOUT_RETURN_TYPE = YES_ERROR;
				GCC_WARN_UNDECLARED_SELECTOR = YES;
				GCC_WARN_UNINITIALIZED_AUTOS = YES_AGGRESSIVE;
				GCC_WARN_UNUSED_FUNCTION = YES;
				GCC_WARN_UNUSED_VARIABLE = YES;
				HEADER_SEARCH_PATHS = (
					/usr/local/include,
					../../co,
					../../corpc,
				);
				LIBRARY_SEARCH_PATHS = /usr/local/lib;
				MACOSX_DEPLOYMENT_TARGET = 10.12;
				MTL_ENABLE_DEBUG_INFO = YES;
				ONLY_ACTIVE_ARCH = YES;
				OTHER_LDFLAGS = "-lprotobuf";
				SDKROOT = macosx;
			};
			name = Debug;
		};
		2DEA9A0820946A6B0095C62F /* Release */ = {
			isa = XCBuildConfiguration;
			buildSettings = {
				ALWAYS_SEARCH_USER_PATHS = NO;
				CLANG_ANALYZER_NONNULL = YES;
				CLANG_ANALYZER_NUMBER_OBJECT_CONVERSION = YES_AGGRESSIVE;
				CLANG_CXX_LANGUAGE_STANDARD = "gnu++14";
				CLANG_CXX_LIBRARY = "libc++";
				CLANG_ENABLE_MODULES = YES;
				CLANG_ENABLE_OBJC_ARC = YES;
				CLANG_WARN_BLOCK_CAPTURE_AUTORELEASING = YES;
				CLANG_WARN_BOOL_CONVERSION = YES;
				CLANG_WARN_COMMA = YES;
				CLANG_WARN_CONSTANT_CONVERSION = YES;
				CLANG_WARN_DIRECT_OBJC_ISA_USAGE = YES_ERROR;
				CLANG_WARN_DOCUMENTATION_COMMENTS = YES;
				CLANG_WARN_EMPTY_BODY = YES;
				CLANG_WARN_ENUM_CONVERSION = YES;
				CLANG_WARN_INFINITE_RECURSION = YES;
				CLANG_WARN_INT_CONVERSION = YES;
				CLANG_WARN_NON_LITERAL_NULL_CONVERSION = YES;
				CLANG_WARN_OBJC_LITERAL_CONVERSION = YES;
				CLANG_WARN_OBJC_ROOT_CLASS = YES_ERROR;
				CLANG_WARN_RANGE_LOOP_ANALYSIS = YES;
				CLANG_WARN_STRICT_PROTOTYPES = YES;
				CLANG_WARN_SUSPICIOUS_MOVE = YES;
				CLANG_WARN_UNGUARDED_AVAILABILITY = YES_AGGRESSIVE;
				CLANG_WARN_UNREACHABLE_CODE = YES;
				CLANG_WARN__DUPLICATE_METHOD_MATCH = YES;
				CODE_SIGN_IDENTITY = "-";
				COPY_PHASE_STRIP = NO;
				DEBUG_INFORMATION_FORMAT = "dwarf-with-dsym";
				ENABLE_NS_ASSERTIONS = NO;
				ENABLE_STRICT_OBJC_MSGSEND = YES;
				GCC_C_LANGUAGE_STANDARD = gnu11;
				GCC_NO_COMMON_BLOCKS = YES;
				GCC_WARN_64_TO_32_BIT_CONVERSION = YES;
				GCC_WARN_ABOUT_RETURN_TYPE = YES_ERROR;
				GCC_WARN_UNDECLARED_SELECTOR = YES;
				GCC_WARN_UNINITIALIZED_AUTOS = YES_AGGRESSIVE;
				GCC_WARN_UNUSED_FUNCTION = YES;
				GCC_WARN_UNUSED_VARIABLE = YES;
				HEADER_SEARCH_PATHS = (
					/usr/local/include,
					../../co,
					../../corpc,
				);
				LIBRARY_SEARCH_PATHS = /usr/local/lib;
				MACOSX_DEPLOYMENT_TARGET = 10.12;
				MTL_ENABLE_DEBUG_INFO = NO;
				OTHER_LDFLAGS = "-lprotobuf";
				SDKROOT = macosx;
			};
			name = Release;
		};
		2DEA9A0A20946A6B0095C62F /* Debug */ = {
			isa = XCBuildConfiguration;
			buildSettings = {
				CODE_SIGN_STYLE = Automatic;
				PRODUCT_NAME = "$(TARGET_NAME)";
			};
			name = Debug;
		};
		2DEA9A0B20946A6B0095C62F /* Release */ = {
			isa = XCBuildConfiguration;
			buildSettings = {
				CODE_SIGN_STYLE = Automatic;
				PRODUCT_NAME = "$(TARGET_NAME)";
			};
			name = Release;
		};
		2DEA9A2320946F480095C62F /* Debug */ = {
			isa = XCBuildConfiguration;
			buildSettings = {
				CODE_SIGN_STYLE = Automatic;
				PRODUCT_NAME = "$(TARGET_NAME)";
			};
			name = Debug;
		};
		2DEA9A2420946F480095C62F /* Release */ = {
			isa = XCBuildConfiguration;
			buildSettings = {
				CODE_SIGN_STYLE = Automatic;
				PRODUCT_NAME = "$(TARGET_NAME)";
			};
			name = Release;
		};
/* End XCBuildConfiguration section */

/* Begin XCConfigurationList section */
		2DEA99FD20946A6B0095C62F /* Build configuration list for PBXProject "echoUdp" */ = {
			isa = XCConfigurationList;
			buildConfigurations = (
				2DEA9A0720946A6B0095C62F /* Debug */,
				2DEA9A0820946A6B0095C62F /* Release */,
			);
			defaultConfigurationIsVisible = 0;
			defaultConfigurationName = Release;
		};
		2DEA9A0920946A6B0095C62F /* Build configuration list for PBXNativeTarget "echoUdpsvr" */ = {
			isa = XCConfigurationList;
			buildConfigurations = (
				2DEA9A0A20946A6B0095C62F /* Debug */,
				2DEA9A0B20946A6B0095C62F /* Release */,
			);
			defaultConfigurationIsVisible = 0;
			defaultConfigurationName = Release;
		};
		2DEA9A2220946F480095C62F /* Build configuration list for PBXNativeTarget "echoUdpclt" */ = {
			isa = XCConfigurationList;
			buildConfigurations = (
				2DEA9A2320946F480095C62F /* Debug */,
				2DEA9A2420946F480095C62F /* Release */,
			);
			defaultConfigurationIsVisible = 0;
			defaultConfigurationName = Release;
		};
/* End XCConfigurationList section */
	};
	rootObject = 2DEA99FA20946A6B0095C62F /* Project object */;
}
