// !$*UTF8*$!
{
	archiveVersion = 1;
	classes = {
	};
	objectVersion = 48;
	objects = {

/* Begin PBXBuildFile section */
		2D6EEED72057CFB30018650F /* server.cpp in Sources */ = {isa = PBXBuildFile; fileRef = 2D6EEED62057CFB20018650F /* server.cpp */; };
		2D6EEEDA2057CFBD0018650F /* server.cpp in Sources */ = {isa = PBXBuildFile; fileRef = 2D6EEED62057CFB20018650F /* server.cpp */; };
		2D6EEEE32057D02C0018650F /* factorial.pb.cc in Sources */ = {isa = PBXBuildFile; fileRef = 2D6EEEE12057D02C0018650F /* factorial.pb.cc */; };
		2D6EEEE52057D0600018650F /* libco.dylib in Frameworks */ = {isa = PBXBuildFile; fileRef = 2D6EEEE72057D0600018650F /* libco.dylib */; };
		2D6EEEE62057D0600018650F /* libcorpc.dylib in Frameworks */ = {isa = PBXBuildFile; fileRef = 2D6EEEE82057D0600018650F /* libcorpc.dylib */; };
		2D6EEEE92057D1070018650F /* libco.dylib in Frameworks */ = {isa = PBXBuildFile; fileRef = 2D6EEEE72057D0600018650F /* libco.dylib */; };
		2D6EEEEA2057D1070018650F /* libcorpc.dylib in Frameworks */ = {isa = PBXBuildFile; fileRef = 2D6EEEE82057D0600018650F /* libcorpc.dylib */; };
		2D6EEEEB2057D4460018650F /* factorial.pb.cc in Sources */ = {isa = PBXBuildFile; fileRef = 2D6EEEE12057D02C0018650F /* factorial.pb.cc */; };
/* End PBXBuildFile section */

/* Begin PBXCopyFilesBuildPhase section */
		2D6EEEC92057CF540018650F /* CopyFiles */ = {
			isa = PBXCopyFilesBuildPhase;
			buildActionMask = 2147483647;
			dstPath = /usr/share/man/man1/;
			dstSubfolderSpec = 0;
			files = (
			);
			runOnlyForDeploymentPostprocessing = 1;
		};
		2D6EEEDC2057CFBD0018650F /* CopyFiles */ = {
			isa = PBXCopyFilesBuildPhase;
			buildActionMask = 2147483647;
			dstPath = /usr/share/man/man1/;
			dstSubfolderSpec = 0;
			files = (
			);
			runOnlyForDeploymentPostprocessing = 1;
		};
/* End PBXCopyFilesBuildPhase section */

/* Begin PBXFileReference section */
		2D6EEECB2057CF540018650F /* Tutorial5Server1 */ = {isa = PBXFileReference; explicitFileType = "compiled.mach-o.executable"; includeInIndex = 0; path = Tutorial5Server1; sourceTree = BUILT_PRODUCTS_DIR; };
		2D6EEED62057CFB20018650F /* server.cpp */ = {isa = PBXFileReference; fileEncoding = 4; lastKnownFileType = sourcecode.cpp.cpp; path = server.cpp; sourceTree = "<group>"; };
		2D6EEEE02057CFBD0018650F /* Tutorial5Server2 */ = {isa = PBXFileReference; explicitFileType = "compiled.mach-o.executable"; includeInIndex = 0; path = Tutorial5Server2; sourceTree = BUILT_PRODUCTS_DIR; };
		2D6EEEE12057D02C0018650F /* factorial.pb.cc */ = {isa = PBXFileReference; fileEncoding = 4; lastKnownFileType = sourcecode.cpp.cpp; name = factorial.pb.cc; path = ../proto/factorial.pb.cc; sourceTree = "<group>"; };
		2D6EEEE22057D02C0018650F /* factorial.pb.h */ = {isa = PBXFileReference; fileEncoding = 4; lastKnownFileType = sourcecode.c.h; name = factorial.pb.h; path = ../proto/factorial.pb.h; sourceTree = "<group>"; };
		2D6EEEE72057D0600018650F /* libco.dylib */ = {isa = PBXFileReference; explicitFileType = "compiled.mach-o.dylib"; path = libco.dylib; sourceTree = BUILT_PRODUCTS_DIR; };
		2D6EEEE82057D0600018650F /* libcorpc.dylib */ = {isa = PBXFileReference; explicitFileType = "compiled.mach-o.dylib"; path = libcorpc.dylib; sourceTree = BUILT_PRODUCTS_DIR; };
/* End PBXFileReference section */

/* Begin PBXFrameworksBuildPhase section */
		2D6EEEC82057CF540018650F /* Frameworks */ = {
			isa = PBXFrameworksBuildPhase;
			buildActionMask = 2147483647;
			files = (
				2D6EEEE52057D0600018650F /* libco.dylib in Frameworks */,
				2D6EEEE62057D0600018650F /* libcorpc.dylib in Frameworks */,
			);
			runOnlyForDeploymentPostprocessing = 0;
		};
		2D6EEEDB2057CFBD0018650F /* Frameworks */ = {
			isa = PBXFrameworksBuildPhase;
			buildActionMask = 2147483647;
			files = (
				2D6EEEE92057D1070018650F /* libco.dylib in Frameworks */,
				2D6EEEEA2057D1070018650F /* libcorpc.dylib in Frameworks */,
			);
			runOnlyForDeploymentPostprocessing = 0;
		};
/* End PBXFrameworksBuildPhase section */

/* Begin PBXGroup section */
		2D6EEEC22057CF540018650F = {
			isa = PBXGroup;
			children = (
				2D6EEED52057CFA70018650F /* src */,
				2D6EEECC2057CF540018650F /* Products */,
				2D6EEEE42057D0600018650F /* Frameworks */,
			);
			sourceTree = "<group>";
		};
		2D6EEECC2057CF540018650F /* Products */ = {
			isa = PBXGroup;
			children = (
				2D6EEECB2057CF540018650F /* Tutorial5Server1 */,
				2D6EEEE02057CFBD0018650F /* Tutorial5Server2 */,
			);
			name = Products;
			sourceTree = "<group>";
		};
		2D6EEED52057CFA70018650F /* src */ = {
			isa = PBXGroup;
			children = (
				2D6EEEE12057D02C0018650F /* factorial.pb.cc */,
				2D6EEEE22057D02C0018650F /* factorial.pb.h */,
				2D6EEED62057CFB20018650F /* server.cpp */,
			);
			name = src;
			sourceTree = "<group>";
		};
		2D6EEEE42057D0600018650F /* Frameworks */ = {
			isa = PBXGroup;
			children = (
				2D6EEEE72057D0600018650F /* libco.dylib */,
				2D6EEEE82057D0600018650F /* libcorpc.dylib */,
			);
			name = Frameworks;
			sourceTree = "<group>";
		};
/* End PBXGroup section */

/* Begin PBXNativeTarget section */
		2D6EEECA2057CF540018650F /* Tutorial5Server1 */ = {
			isa = PBXNativeTarget;
			buildConfigurationList = 2D6EEED22057CF540018650F /* Build configuration list for PBXNativeTarget "Tutorial5Server1" */;
			buildPhases = (
				2D6EEEC72057CF540018650F /* Sources */,
				2D6EEEC82057CF540018650F /* Frameworks */,
				2D6EEEC92057CF540018650F /* CopyFiles */,
			);
			buildRules = (
			);
			dependencies = (
			);
			name = Tutorial5Server1;
			productName = Tutorial5Server;
			productReference = 2D6EEECB2057CF540018650F /* Tutorial5Server1 */;
			productType = "com.apple.product-type.tool";
		};
		2D6EEED82057CFBD0018650F /* Tutorial5Server2 */ = {
			isa = PBXNativeTarget;
			buildConfigurationList = 2D6EEEDD2057CFBD0018650F /* Build configuration list for PBXNativeTarget "Tutorial5Server2" */;
			buildPhases = (
				2D6EEED92057CFBD0018650F /* Sources */,
				2D6EEEDB2057CFBD0018650F /* Frameworks */,
				2D6EEEDC2057CFBD0018650F /* CopyFiles */,
			);
			buildRules = (
			);
			dependencies = (
			);
			name = Tutorial5Server2;
			productName = Tutorial5Server;
			productReference = 2D6EEEE02057CFBD0018650F /* Tutorial5Server2 */;
			productType = "com.apple.product-type.tool";
		};
/* End PBXNativeTarget section */

/* Begin PBXProject section */
		2D6EEEC32057CF540018650F /* Project object */ = {
			isa = PBXProject;
			attributes = {
				LastUpgradeCheck = 0920;
				ORGANIZATIONNAME = Dena;
				TargetAttributes = {
					2D6EEECA2057CF540018650F = {
						CreatedOnToolsVersion = 9.2;
						ProvisioningStyle = Automatic;
					};
					2D6EEED82057CFBD0018650F = {
						ProvisioningStyle = Automatic;
					};
				};
			};
			buildConfigurationList = 2D6EEEC62057CF540018650F /* Build configuration list for PBXProject "Tutorial5Server" */;
			compatibilityVersion = "Xcode 8.0";
			developmentRegion = en;
			hasScannedForEncodings = 0;
			knownRegions = (
				en,
			);
			mainGroup = 2D6EEEC22057CF540018650F;
			productRefGroup = 2D6EEECC2057CF540018650F /* Products */;
			projectDirPath = "";
			projectRoot = "";
			targets = (
				2D6EEECA2057CF540018650F /* Tutorial5Server1 */,
				2D6EEED82057CFBD0018650F /* Tutorial5Server2 */,
			);
		};
/* End PBXProject section */

/* Begin PBXSourcesBuildPhase section */
		2D6EEEC72057CF540018650F /* Sources */ = {
			isa = PBXSourcesBuildPhase;
			buildActionMask = 2147483647;
			files = (
				2D6EEEE32057D02C0018650F /* factorial.pb.cc in Sources */,
				2D6EEED72057CFB30018650F /* server.cpp in Sources */,
			);
			runOnlyForDeploymentPostprocessing = 0;
		};
		2D6EEED92057CFBD0018650F /* Sources */ = {
			isa = PBXSourcesBuildPhase;
			buildActionMask = 2147483647;
			files = (
				2D6EEEEB2057D4460018650F /* factorial.pb.cc in Sources */,
				2D6EEEDA2057CFBD0018650F /* server.cpp in Sources */,
			);
			runOnlyForDeploymentPostprocessing = 0;
		};
/* End PBXSourcesBuildPhase section */

/* Begin XCBuildConfiguration section */
		2D6EEED02057CF540018650F /* Debug */ = {
			isa = XCBuildConfiguration;
			buildSettings = {
				ALWAYS_SEARCH_USER_PATHS = NO;
				CLANG_ANALYZER_NONNULL = YES;
				CLANG_ANALYZER_NUMBER_OBJECT_CONVERSION = YES_AGGRESSIVE;
				CLANG_CXX_LANGUAGE_STANDARD = "gnu++14";
				CLANG_CXX_LIBRARY = "libc++";
				CLANG_ENABLE_MODULES = YES;
				CLANG_ENABLE_OBJC_ARC = YES;
				CLANG_WARN_BLOCK_CAPTURE_AUTORELEASING = YES;
				CLANG_WARN_BOOL_CONVERSION = YES;
				CLANG_WARN_COMMA = YES;
				CLANG_WARN_CONSTANT_CONVERSION = YES;
				CLANG_WARN_DIRECT_OBJC_ISA_USAGE = YES_ERROR;
				CLANG_WARN_DOCUMENTATION_COMMENTS = YES;
				CLANG_WARN_EMPTY_BODY = YES;
				CLANG_WARN_ENUM_CONVERSION = YES;
				CLANG_WARN_INFINITE_RECURSION = YES;
				CLANG_WARN_INT_CONVERSION = YES;
				CLANG_WARN_NON_LITERAL_NULL_CONVERSION = YES;
				CLANG_WARN_OBJC_LITERAL_CONVERSION = YES;
				CLANG_WARN_OBJC_ROOT_CLASS = YES_ERROR;
				CLANG_WARN_RANGE_LOOP_ANALYSIS = YES;
				CLANG_WARN_STRICT_PROTOTYPES = YES;
				CLANG_WARN_SUSPICIOUS_MOVE = YES;
				CLANG_WARN_UNGUARDED_AVAILABILITY = YES_AGGRESSIVE;
				CLANG_WARN_UNREACHABLE_CODE = YES;
				CLANG_WARN__DUPLICATE_METHOD_MATCH = YES;
				CODE_SIGN_IDENTITY = "-";
				COPY_PHASE_STRIP = NO;
				DEBUG_INFORMATION_FORMAT = dwarf;
				ENABLE_STRICT_OBJC_MSGSEND = YES;
				ENABLE_TESTABILITY = YES;
				GCC_C_LANGUAGE_STANDARD = gnu11;
				GCC_DYNAMIC_NO_PIC = NO;
				GCC_NO_COMMON_BLOCKS = YES;
				GCC_OPTIMIZATION_LEVEL = 0;
				GCC_PREPROCESSOR_DEFINITIONS = (
					"DEBUG=1",
					"$(inherited)",
				);
				GCC_WARN_64_TO_32_BIT_CONVERSION = YES;
				GCC_WARN_ABOUT_RETURN_TYPE = YES_ERROR;
				GCC_WARN_UNDECLARED_SELECTOR = YES;
				GCC_WARN_UNINITIALIZED_AUTOS = YES_AGGRESSIVE;
				GCC_WARN_UNUSED_FUNCTION = YES;
				GCC_WARN_UNUSED_VARIABLE = YES;
				MACOSX_DEPLOYMENT_TARGET = 10.12;
				MTL_ENABLE_DEBUG_INFO = YES;
				ONLY_ACTIVE_ARCH = YES;
				SDKROOT = macosx;
			};
			name = Debug;
		};
		2D6EEED12057CF540018650F /* Release */ = {
			isa = XCBuildConfiguration;
			buildSettings = {
				ALWAYS_SEARCH_USER_PATHS = NO;
				CLANG_ANALYZER_NONNULL = YES;
				CLANG_ANALYZER_NUMBER_OBJECT_CONVERSION = YES_AGGRESSIVE;
				CLANG_CXX_LANGUAGE_STANDARD = "gnu++14";
				CLANG_CXX_LIBRARY = "libc++";
				CLANG_ENABLE_MODULES = YES;
				CLANG_ENABLE_OBJC_ARC = YES;
				CLANG_WARN_BLOCK_CAPTURE_AUTORELEASING = YES;
				CLANG_WARN_BOOL_CONVERSION = YES;
				CLANG_WARN_COMMA = YES;
				CLANG_WARN_CONSTANT_CONVERSION = YES;
				CLANG_WARN_DIRECT_OBJC_ISA_USAGE = YES_ERROR;
				CLANG_WARN_DOCUMENTATION_COMMENTS = YES;
				CLANG_WARN_EMPTY_BODY = YES;
				CLANG_WARN_ENUM_CONVERSION = YES;
				CLANG_WARN_INFINITE_RECURSION = YES;
				CLANG_WARN_INT_CONVERSION = YES;
				CLANG_WARN_NON_LITERAL_NULL_CONVERSION = YES;
				CLANG_WARN_OBJC_LITERAL_CONVERSION = YES;
				CLANG_WARN_OBJC_ROOT_CLASS = YES_ERROR;
				CLANG_WARN_RANGE_LOOP_ANALYSIS = YES;
				CLANG_WARN_STRICT_PROTOTYPES = YES;
				CLANG_WARN_SUSPICIOUS_MOVE = YES;
				CLANG_WARN_UNGUARDED_AVAILABILITY = YES_AGGRESSIVE;
				CLANG_WARN_UNREACHABLE_CODE = YES;
				CLANG_WARN__DUPLICATE_METHOD_MATCH = YES;
				CODE_SIGN_IDENTITY = "-";
				COPY_PHASE_STRIP = NO;
				DEBUG_INFORMATION_FORMAT = "dwarf-with-dsym";
				ENABLE_NS_ASSERTIONS = NO;
				ENABLE_STRICT_OBJC_MSGSEND = YES;
				GCC_C_LANGUAGE_STANDARD = gnu11;
				GCC_NO_COMMON_BLOCKS = YES;
				GCC_WARN_64_TO_32_BIT_CONVERSION = YES;
				GCC_WARN_ABOUT_RETURN_TYPE = YES_ERROR;
				GCC_WARN_UNDECLARED_SELECTOR = YES;
				GCC_WARN_UNINITIALIZED_AUTOS = YES_AGGRESSIVE;
				GCC_WARN_UNUSED_FUNCTION = YES;
				GCC_WARN_UNUSED_VARIABLE = YES;
				MACOSX_DEPLOYMENT_TARGET = 10.12;
				MTL_ENABLE_DEBUG_INFO = NO;
				SDKROOT = macosx;
			};
			name = Release;
		};
		2D6EEED32057CF540018650F /* Debug */ = {
			isa = XCBuildConfiguration;
			buildSettings = {
				CODE_SIGN_STYLE = Automatic;
				HEADER_SEARCH_PATHS = (
					/usr/local/include,
					../../co,
					../../corpc,
				);
				LIBRARY_SEARCH_PATHS = /usr/local/lib;
				OTHER_LDFLAGS = "-lprotobuf";
				PRODUCT_NAME = "$(TARGET_NAME)";
			};
			name = Debug;
		};
		2D6EEED42057CF540018650F /* Release */ = {
			isa = XCBuildConfiguration;
			buildSettings = {
				CODE_SIGN_STYLE = Automatic;
				HEADER_SEARCH_PATHS = (
					/usr/local/include,
					../../co,
					../../corpc,
				);
				LIBRARY_SEARCH_PATHS = /usr/local/lib;
				OTHER_LDFLAGS = "-lprotobuf";
				PRODUCT_NAME = "$(TARGET_NAME)";
			};
			name = Release;
		};
		2D6EEEDE2057CFBD0018650F /* Debug */ = {
			isa = XCBuildConfiguration;
			buildSettings = {
				CODE_SIGN_STYLE = Automatic;
				HEADER_SEARCH_PATHS = (
					/usr/local/include,
					../../co,
					../../corpc,
				);
				LIBRARY_SEARCH_PATHS = /usr/local/lib;
				OTHER_LDFLAGS = "-lprotobuf";
				PRODUCT_NAME = "$(TARGET_NAME)";
			};
			name = Debug;
		};
		2D6EEEDF2057CFBD0018650F /* Release */ = {
			isa = XCBuildConfiguration;
			buildSettings = {
				CODE_SIGN_STYLE = Automatic;
				HEADER_SEARCH_PATHS = (
					/usr/local/include,
					../../co,
					../../corpc,
				);
				LIBRARY_SEARCH_PATHS = /usr/local/lib;
				OTHER_LDFLAGS = "-lprotobuf";
				PRODUCT_NAME = "$(TARGET_NAME)";
			};
			name = Release;
		};
/* End XCBuildConfiguration section */

/* Begin XCConfigurationList section */
		2D6EEEC62057CF540018650F /* Build configuration list for PBXProject "Tutorial5Server" */ = {
			isa = XCConfigurationList;
			buildConfigurations = (
				2D6EEED02057CF540018650F /* Debug */,
				2D6EEED12057CF540018650F /* Release */,
			);
			defaultConfigurationIsVisible = 0;
			defaultConfigurationName = Release;
		};
		2D6EEED22057CF540018650F /* Build configuration list for PBXNativeTarget "Tutorial5Server1" */ = {
			isa = XCConfigurationList;
			buildConfigurations = (
				2D6EEED32057CF540018650F /* Debug */,
				2D6EEED42057CF540018650F /* Release */,
			);
			defaultConfigurationIsVisible = 0;
			defaultConfigurationName = Release;
		};
		2D6EEEDD2057CFBD0018650F /* Build configuration list for PBXNativeTarget "Tutorial5Server2" */ = {
			isa = XCConfigurationList;
			buildConfigurations = (
				2D6EEEDE2057CFBD0018650F /* Debug */,
				2D6EEEDF2057CFBD0018650F /* Release */,
			);
			defaultConfigurationIsVisible = 0;
			defaultConfigurationName = Release;
		};
/* End XCConfigurationList section */
	};
	rootObject = 2D6EEEC32057CF540018650F /* Project object */;
}
