// !$*UTF8*$!
{
	archiveVersion = 1;
	classes = {
	};
	objectVersion = 48;
	objects = {

/* Begin PBXBuildFile section */
		2DE7AA8F20ABDA1D00C16383 /* main.cpp in Sources */ = {isa = PBXBuildFile; fileRef = 2DE7AA8E20ABDA1D00C16383 /* main.cpp */; };
		2DE7AA9120ABDAB800C16383 /* libco.dylib in Frameworks */ = {isa = PBXBuildFile; fileRef = 2DE7AA9420ABDAB800C16383 /* libco.dylib */; };
		2DE7AA9220ABDAB800C16383 /* libcorpc_mongodb.dylib in Frameworks */ = {isa = PBXBuildFile; fileRef = 2DE7AA9520ABDAB800C16383 /* libcorpc_mongodb.dylib */; };
		2DE7AA9320ABDAB800C16383 /* libcorpc.dylib in Frameworks */ = {isa = PBXBuildFile; fileRef = 2DE7AA9620ABDAB800C16383 /* libcorpc.dylib */; };
/* End PBXBuildFile section */

/* Begin PBXCopyFilesBuildPhase section */
		2DE7AA8120ABD9EB00C16383 /* CopyFiles */ = {
			isa = PBXCopyFilesBuildPhase;
			buildActionMask = 2147483647;
			dstPath = /usr/share/man/man1/;
			dstSubfolderSpec = 0;
			files = (
			);
			runOnlyForDeploymentPostprocessing = 1;
		};
/* End PBXCopyFilesBuildPhase section */

/* Begin PBXFileReference section */
		2DE7AA8320ABD9EB00C16383 /* example_mongodb */ = {isa = PBXFileReference; explicitFileType = "compiled.mach-o.executable"; includeInIndex = 0; path = example_mongodb; sourceTree = BUILT_PRODUCTS_DIR; };
		2DE7AA8E20ABDA1D00C16383 /* main.cpp */ = {isa = PBXFileReference; fileEncoding = 4; lastKnownFileType = sourcecode.cpp.cpp; path = main.cpp; sourceTree = "<group>"; };
		2DE7AA9420ABDAB800C16383 /* libco.dylib */ = {isa = PBXFileReference; explicitFileType = "compiled.mach-o.dylib"; path = libco.dylib; sourceTree = BUILT_PRODUCTS_DIR; };
		2DE7AA9520ABDAB800C16383 /* libcorpc_mongodb.dylib */ = {isa = PBXFileReference; explicitFileType = "compiled.mach-o.dylib"; path = libcorpc_mongodb.dylib; sourceTree = BUILT_PRODUCTS_DIR; };
		2DE7AA9620ABDAB800C16383 /* libcorpc.dylib */ = {isa = PBXFileReference; explicitFileType = "compiled.mach-o.dylib"; path = libcorpc.dylib; sourceTree = BUILT_PRODUCTS_DIR; };
/* End PBXFileReference section */

/* Begin PBXFrameworksBuildPhase section */
		2DE7AA8020ABD9EB00C16383 /* Frameworks */ = {
			isa = PBXFrameworksBuildPhase;
			buildActionMask = 2147483647;
			files = (
				2DE7AA9120ABDAB800C16383 /* libco.dylib in Frameworks */,
				2DE7AA9320ABDAB800C16383 /* libcorpc.dylib in Frameworks */,
				2DE7AA9220ABDAB800C16383 /* libcorpc_mongodb.dylib in Frameworks */,
			);
			runOnlyForDeploymentPostprocessing = 0;
		};
/* End PBXFrameworksBuildPhase section */

/* Begin PBXGroup section */
		2DE7AA7A20ABD9EB00C16383 = {
			isa = PBXGroup;
			children = (
				2DE7AA8D20ABDA1200C16383 /* src */,
				2DE7AA8420ABD9EB00C16383 /* Products */,
				2DE7AA9020ABDAB800C16383 /* Frameworks */,
			);
			sourceTree = "<group>";
		};
		2DE7AA8420ABD9EB00C16383 /* Products */ = {
			isa = PBXGroup;
			children = (
				2DE7AA8320ABD9EB00C16383 /* example_mongodb */,
			);
			name = Products;
			sourceTree = "<group>";
		};
		2DE7AA8D20ABDA1200C16383 /* src */ = {
			isa = PBXGroup;
			children = (
				2DE7AA8E20ABDA1D00C16383 /* main.cpp */,
			);
			name = src;
			sourceTree = "<group>";
		};
		2DE7AA9020ABDAB800C16383 /* Frameworks */ = {
			isa = PBXGroup;
			children = (
				2DE7AA9420ABDAB800C16383 /* libco.dylib */,
				2DE7AA9520ABDAB800C16383 /* libcorpc_mongodb.dylib */,
				2DE7AA9620ABDAB800C16383 /* libcorpc.dylib */,
			);
			name = Frameworks;
			sourceTree = "<group>";
		};
/* End PBXGroup section */

/* Begin PBXNativeTarget section */
		2DE7AA8220ABD9EB00C16383 /* example_mongodb */ = {
			isa = PBXNativeTarget;
			buildConfigurationList = 2DE7AA8A20ABD9EB00C16383 /* Build configuration list for PBXNativeTarget "example_mongodb" */;
			buildPhases = (
				2DE7AA7F20ABD9EB00C16383 /* Sources */,
				2DE7AA8020ABD9EB00C16383 /* Frameworks */,
				2DE7AA8120ABD9EB00C16383 /* CopyFiles */,
			);
			buildRules = (
			);
			dependencies = (
			);
			name = example_mongodb;
			productName = example_mongodb;
			productReference = 2DE7AA8320ABD9EB00C16383 /* example_mongodb */;
			productType = "com.apple.product-type.tool";
		};
/* End PBXNativeTarget section */

/* Begin PBXProject section */
		2DE7AA7B20ABD9EB00C16383 /* Project object */ = {
			isa = PBXProject;
			attributes = {
				LastUpgradeCheck = 0920;
				ORGANIZATIONNAME = Dena;
				TargetAttributes = {
					2DE7AA8220ABD9EB00C16383 = {
						CreatedOnToolsVersion = 9.2;
						ProvisioningStyle = Automatic;
					};
				};
			};
			buildConfigurationList = 2DE7AA7E20ABD9EB00C16383 /* Build configuration list for PBXProject "example_mongodb" */;
			compatibilityVersion = "Xcode 8.0";
			developmentRegion = en;
			hasScannedForEncodings = 0;
			knownRegions = (
				en,
			);
			mainGroup = 2DE7AA7A20ABD9EB00C16383;
			productRefGroup = 2DE7AA8420ABD9EB00C16383 /* Products */;
			projectDirPath = "";
			projectRoot = "";
			targets = (
				2DE7AA8220ABD9EB00C16383 /* example_mongodb */,
			);
		};
/* End PBXProject section */

/* Begin PBXSourcesBuildPhase section */
		2DE7AA7F20ABD9EB00C16383 /* Sources */ = {
			isa = PBXSourcesBuildPhase;
			buildActionMask = 2147483647;
			files = (
				2DE7AA8F20ABDA1D00C16383 /* main.cpp in Sources */,
			);
			runOnlyForDeploymentPostprocessing = 0;
		};
/* End PBXSourcesBuildPhase section */

/* Begin XCBuildConfiguration section */
		2DE7AA8820ABD9EB00C16383 /* Debug */ = {
			isa = XCBuildConfiguration;
			buildSettings = {
				ALWAYS_SEARCH_USER_PATHS = NO;
				CLANG_ANALYZER_NONNULL = YES;
				CLANG_ANALYZER_NUMBER_OBJECT_CONVERSION = YES_AGGRESSIVE;
				CLANG_CXX_LANGUAGE_STANDARD = "gnu++14";
				CLANG_CXX_LIBRARY = "libc++";
				CLANG_ENABLE_MODULES = YES;
				CLANG_ENABLE_OBJC_ARC = YES;
				CLANG_WARN_BLOCK_CAPTURE_AUTORELEASING = YES;
				CLANG_WARN_BOOL_CONVERSION = YES;
				CLANG_WARN_COMMA = YES;
				CLANG_WARN_CONSTANT_CONVERSION = YES;
				CLANG_WARN_DIRECT_OBJC_ISA_USAGE = YES_ERROR;
				CLANG_WARN_DOCUMENTATION_COMMENTS = YES;
				CLANG_WARN_EMPTY_BODY = YES;
				CLANG_WARN_ENUM_CONVERSION = YES;
				CLANG_WARN_INFINITE_RECURSION = YES;
				CLANG_WARN_INT_CONVERSION = YES;
				CLANG_WARN_NON_LITERAL_NULL_CONVERSION = YES;
				CLANG_WARN_OBJC_LITERAL_CONVERSION = YES;
				CLANG_WARN_OBJC_ROOT_CLASS = YES_ERROR;
				CLANG_WARN_RANGE_LOOP_ANALYSIS = YES;
				CLANG_WARN_STRICT_PROTOTYPES = YES;
				CLANG_WARN_SUSPICIOUS_MOVE = YES;
				CLANG_WARN_UNGUARDED_AVAILABILITY = YES_AGGRESSIVE;
				CLANG_WARN_UNREACHABLE_CODE = YES;
				CLANG_WARN__DUPLICATE_METHOD_MATCH = YES;
				CODE_SIGN_IDENTITY = "-";
				COPY_PHASE_STRIP = NO;
				DEBUG_INFORMATION_FORMAT = dwarf;
				ENABLE_STRICT_OBJC_MSGSEND = YES;
				ENABLE_TESTABILITY = YES;
				GCC_C_LANGUAGE_STANDARD = gnu11;
				GCC_DYNAMIC_NO_PIC = NO;
				GCC_NO_COMMON_BLOCKS = YES;
				GCC_OPTIMIZATION_LEVEL = 0;
				GCC_PREPROCESSOR_DEFINITIONS = (
					"DEBUG=1",
					"$(inherited)",
				);
				GCC_WARN_64_TO_32_BIT_CONVERSION = YES;
				GCC_WARN_ABOUT_RETURN_TYPE = YES_ERROR;
				GCC_WARN_UNDECLARED_SELECTOR = YES;
				GCC_WARN_UNINITIALIZED_AUTOS = YES_AGGRESSIVE;
				GCC_WARN_UNUSED_FUNCTION = YES;
				GCC_WARN_UNUSED_VARIABLE = YES;
				MACOSX_DEPLOYMENT_TARGET = 10.12;
				MTL_ENABLE_DEBUG_INFO = YES;
				ONLY_ACTIVE_ARCH = YES;
				SDKROOT = macosx;
			};
			name = Debug;
		};
		2DE7AA8920ABD9EB00C16383 /* Release */ = {
			isa = XCBuildConfiguration;
			buildSettings = {
				ALWAYS_SEARCH_USER_PATHS = NO;
				CLANG_ANALYZER_NONNULL = YES;
				CLANG_ANALYZER_NUMBER_OBJECT_CONVERSION = YES_AGGRESSIVE;
				CLANG_CXX_LANGUAGE_STANDARD = "gnu++14";
				CLANG_CXX_LIBRARY = "libc++";
				CLANG_ENABLE_MODULES = YES;
				CLANG_ENABLE_OBJC_ARC = YES;
				CLANG_WARN_BLOCK_CAPTURE_AUTORELEASING = YES;
				CLANG_WARN_BOOL_CONVERSION = YES;
				CLANG_WARN_COMMA = YES;
				CLANG_WARN_CONSTANT_CONVERSION = YES;
				CLANG_WARN_DIRECT_OBJC_ISA_USAGE = YES_ERROR;
				CLANG_WARN_DOCUMENTATION_COMMENTS = YES;
				CLANG_WARN_EMPTY_BODY = YES;
				CLANG_WARN_ENUM_CONVERSION = YES;
				CLANG_WARN_INFINITE_RECURSION = YES;
				CLANG_WARN_INT_CONVERSION = YES;
				CLANG_WARN_NON_LITERAL_NULL_CONVERSION = YES;
				CLANG_WARN_OBJC_LITERAL_CONVERSION = YES;
				CLANG_WARN_OBJC_ROOT_CLASS = YES_ERROR;
				CLANG_WARN_RANGE_LOOP_ANALYSIS = YES;
				CLANG_WARN_STRICT_PROTOTYPES = YES;
				CLANG_WARN_SUSPICIOUS_MOVE = YES;
				CLANG_WARN_UNGUARDED_AVAILABILITY = YES_AGGRESSIVE;
				CLANG_WARN_UNREACHABLE_CODE = YES;
				CLANG_WARN__DUPLICATE_METHOD_MATCH = YES;
				CODE_SIGN_IDENTITY = "-";
				COPY_PHASE_STRIP = NO;
				DEBUG_INFORMATION_FORMAT = "dwarf-with-dsym";
				ENABLE_NS_ASSERTIONS = NO;
				ENABLE_STRICT_OBJC_MSGSEND = YES;
				GCC_C_LANGUAGE_STANDARD = gnu11;
				GCC_NO_COMMON_BLOCKS = YES;
				GCC_WARN_64_TO_32_BIT_CONVERSION = YES;
				GCC_WARN_ABOUT_RETURN_TYPE = YES_ERROR;
				GCC_WARN_UNDECLARED_SELECTOR = YES;
				GCC_WARN_UNINITIALIZED_AUTOS = YES_AGGRESSIVE;
				GCC_WARN_UNUSED_FUNCTION = YES;
				GCC_WARN_UNUSED_VARIABLE = YES;
				MACOSX_DEPLOYMENT_TARGET = 10.12;
				MTL_ENABLE_DEBUG_INFO = NO;
				SDKROOT = macosx;
			};
			name = Release;
		};
		2DE7AA8B20ABD9EB00C16383 /* Debug */ = {
			isa = XCBuildConfiguration;
			buildSettings = {
				CODE_SIGN_STYLE = Automatic;
				HEADER_SEARCH_PATHS = (
					/usr/local/include,
					"/usr/local/include/libmongoc-1.0",
					"/usr/local/include/libbson-1.0",
					../../co,
					../../corpc,
					../../proto,
					../../corpc_mongodb,
				);
				LIBRARY_SEARCH_PATHS = /usr/local/lib;
				OTHER_LDFLAGS = (
					"-lprotobuf",
					"-lbson-1.0",
					"-lmongoc-1.0",
				);
				PRODUCT_NAME = "$(TARGET_NAME)";
			};
			name = Debug;
		};
		2DE7AA8C20ABD9EB00C16383 /* Release */ = {
			isa = XCBuildConfiguration;
			buildSettings = {
				CODE_SIGN_STYLE = Automatic;
				HEADER_SEARCH_PATHS = (
					/usr/local/include,
					"/usr/local/include/libmongoc-1.0",
					"/usr/local/include/libbson-1.0",
					../../co,
					../../corpc,
					../../proto,
					../../corpc_mongodb,
				);
				LIBRARY_SEARCH_PATHS = /usr/local/lib;
				OTHER_LDFLAGS = (
					"-lprotobuf",
					"-lbson-1.0",
					"-lmongoc-1.0",
				);
				PRODUCT_NAME = "$(TARGET_NAME)";
			};
			name = Release;
		};
/* End XCBuildConfiguration section */

/* Begin XCConfigurationList section */
		2DE7AA7E20ABD9EB00C16383 /* Build configuration list for PBXProject "example_mongodb" */ = {
			isa = XCConfigurationList;
			buildConfigurations = (
				2DE7AA8820ABD9EB00C16383 /* Debug */,
				2DE7AA8920ABD9EB00C16383 /* Release */,
			);
			defaultConfigurationIsVisible = 0;
			defaultConfigurationName = Release;
		};
		2DE7AA8A20ABD9EB00C16383 /* Build configuration list for PBXNativeTarget "example_mongodb" */ = {
			isa = XCConfigurationList;
			buildConfigurations = (
				2DE7AA8B20ABD9EB00C16383 /* Debug */,
				2DE7AA8C20ABD9EB00C16383 /* Release */,
			);
			defaultConfigurationIsVisible = 0;
			defaultConfigurationName = Release;
		};
/* End XCConfigurationList section */
	};
	rootObject = 2DE7AA7B20ABD9EB00C16383 /* Project object */;
}
