// !$*UTF8*$!
{
	archiveVersion = 1;
	classes = {
	};
	objectVersion = 48;
	objects = {

/* Begin PBXBuildFile section */
		2D161C6A206350DB0062BA35 /* server.cpp in Sources */ = {isa = PBXBuildFile; fileRef = 2D161C2020634D0D0062BA35 /* server.cpp */; };
		2D161C6B206350DE0062BA35 /* helloworld.pb.cc in Sources */ = {isa = PBXBuildFile; fileRef = 2D161C2420634D1C0062BA35 /* helloworld.pb.cc */; };
		2D161C77206350F60062BA35 /* helloworld.pb.cc in Sources */ = {isa = PBXBuildFile; fileRef = 2D161C2420634D1C0062BA35 /* helloworld.pb.cc */; };
		2D161C78206350F90062BA35 /* client.cpp in Sources */ = {isa = PBXBuildFile; fileRef = 2D161C1F20634D0D0062BA35 /* client.cpp */; };
		2D161C792063512C0062BA35 /* libco.dylib in Frameworks */ = {isa = PBXBuildFile; fileRef = 2D161C3620634E1B0062BA35 /* libco.dylib */; };
		2D161C7A2063512C0062BA35 /* libcorpc.dylib in Frameworks */ = {isa = PBXBuildFile; fileRef = 2D161C3720634E1B0062BA35 /* libcorpc.dylib */; };
		2D161C7B206351320062BA35 /* libco.dylib in Frameworks */ = {isa = PBXBuildFile; fileRef = 2D161C3620634E1B0062BA35 /* libco.dylib */; };
		2D161C7C206351320062BA35 /* libcorpc.dylib in Frameworks */ = {isa = PBXBuildFile; fileRef = 2D161C3720634E1B0062BA35 /* libcorpc.dylib */; };
/* End PBXBuildFile section */

/* Begin PBXCopyFilesBuildPhase section */
		2D161C61206350CA0062BA35 /* CopyFiles */ = {
			isa = PBXCopyFilesBuildPhase;
			buildActionMask = 2147483647;
			dstPath = /usr/share/man/man1/;
			dstSubfolderSpec = 0;
			files = (
			);
			runOnlyForDeploymentPostprocessing = 1;
		};
		2D161C6E206350EF0062BA35 /* CopyFiles */ = {
			isa = PBXCopyFilesBuildPhase;
			buildActionMask = 2147483647;
			dstPath = /usr/share/man/man1/;
			dstSubfolderSpec = 0;
			files = (
			);
			runOnlyForDeploymentPostprocessing = 1;
		};
/* End PBXCopyFilesBuildPhase section */

/* Begin PBXFileReference section */
		2D161C1F20634D0D0062BA35 /* client.cpp */ = {isa = PBXFileReference; fileEncoding = 4; lastKnownFileType = sourcecode.cpp.cpp; path = client.cpp; sourceTree = "<group>"; };
		2D161C2020634D0D0062BA35 /* server.cpp */ = {isa = PBXFileReference; fileEncoding = 4; lastKnownFileType = sourcecode.cpp.cpp; path = server.cpp; sourceTree = "<group>"; };
		2D161C2320634D1C0062BA35 /* helloworld.pb.h */ = {isa = PBXFileReference; fileEncoding = 4; lastKnownFileType = sourcecode.c.h; name = helloworld.pb.h; path = ../proto/helloworld.pb.h; sourceTree = "<group>"; };
		2D161C2420634D1C0062BA35 /* helloworld.pb.cc */ = {isa = PBXFileReference; fileEncoding = 4; lastKnownFileType = sourcecode.cpp.cpp; name = helloworld.pb.cc; path = ../proto/helloworld.pb.cc; sourceTree = "<group>"; };
		2D161C3620634E1B0062BA35 /* libco.dylib */ = {isa = PBXFileReference; explicitFileType = "compiled.mach-o.dylib"; path = libco.dylib; sourceTree = BUILT_PRODUCTS_DIR; };
		2D161C3720634E1B0062BA35 /* libcorpc.dylib */ = {isa = PBXFileReference; explicitFileType = "compiled.mach-o.dylib"; path = libcorpc.dylib; sourceTree = BUILT_PRODUCTS_DIR; };
		2D161C63206350CA0062BA35 /* tutorial1svr */ = {isa = PBXFileReference; explicitFileType = "compiled.mach-o.executable"; includeInIndex = 0; path = tutorial1svr; sourceTree = BUILT_PRODUCTS_DIR; };
		2D161C70206350EF0062BA35 /* tutorial1clt */ = {isa = PBXFileReference; explicitFileType = "compiled.mach-o.executable"; includeInIndex = 0; path = tutorial1clt; sourceTree = BUILT_PRODUCTS_DIR; };
/* End PBXFileReference section */

/* Begin PBXFrameworksBuildPhase section */
		2D161C60206350CA0062BA35 /* Frameworks */ = {
			isa = PBXFrameworksBuildPhase;
			buildActionMask = 2147483647;
			files = (
				2D161C7B206351320062BA35 /* libco.dylib in Frameworks */,
				2D161C7C206351320062BA35 /* libcorpc.dylib in Frameworks */,
			);
			runOnlyForDeploymentPostprocessing = 0;
		};
		2D161C6D206350EF0062BA35 /* Frameworks */ = {
			isa = PBXFrameworksBuildPhase;
			buildActionMask = 2147483647;
			files = (
				2D161C792063512C0062BA35 /* libco.dylib in Frameworks */,
				2D161C7A2063512C0062BA35 /* libcorpc.dylib in Frameworks */,
			);
			runOnlyForDeploymentPostprocessing = 0;
		};
/* End PBXFrameworksBuildPhase section */

/* Begin PBXGroup section */
		2D161C0B20634CBF0062BA35 = {
			isa = PBXGroup;
			children = (
				2D161C1E20634CF70062BA35 /* src */,
				2D161C1520634CBF0062BA35 /* Products */,
				2D161C3320634E1B0062BA35 /* Frameworks */,
			);
			sourceTree = "<group>";
		};
		2D161C1520634CBF0062BA35 /* Products */ = {
			isa = PBXGroup;
			children = (
				2D161C63206350CA0062BA35 /* tutorial1svr */,
				2D161C70206350EF0062BA35 /* tutorial1clt */,
			);
			name = Products;
			sourceTree = "<group>";
		};
		2D161C1E20634CF70062BA35 /* src */ = {
			isa = PBXGroup;
			children = (
				2D161C2420634D1C0062BA35 /* helloworld.pb.cc */,
				2D161C2320634D1C0062BA35 /* helloworld.pb.h */,
				2D161C1F20634D0D0062BA35 /* client.cpp */,
				2D161C2020634D0D0062BA35 /* server.cpp */,
			);
			name = src;
			sourceTree = "<group>";
		};
		2D161C3320634E1B0062BA35 /* Frameworks */ = {
			isa = PBXGroup;
			children = (
				2D161C3620634E1B0062BA35 /* libco.dylib */,
				2D161C3720634E1B0062BA35 /* libcorpc.dylib */,
			);
			name = Frameworks;
			sourceTree = "<group>";
		};
/* End PBXGroup section */

/* Begin PBXNativeTarget section */
		2D161C62206350CA0062BA35 /* tutorial1svr */ = {
			isa = PBXNativeTarget;
			buildConfigurationList = 2D161C67206350CA0062BA35 /* Build configuration list for PBXNativeTarget "tutorial1svr" */;
			buildPhases = (
				2D161C5F206350CA0062BA35 /* Sources */,
				2D161C60206350CA0062BA35 /* Frameworks */,
				2D161C61206350CA0062BA35 /* CopyFiles */,
			);
			buildRules = (
			);
			dependencies = (
			);
			name = tutorial1svr;
			productName = tutorial1svr;
			productReference = 2D161C63206350CA0062BA35 /* tutorial1svr */;
			productType = "com.apple.product-type.tool";
		};
		2D161C6F206350EF0062BA35 /* tutorial1clt */ = {
			isa = PBXNativeTarget;
			buildConfigurationList = 2D161C74206350EF0062BA35 /* Build configuration list for PBXNativeTarget "tutorial1clt" */;
			buildPhases = (
				2D161C6C206350EF0062BA35 /* Sources */,
				2D161C6D206350EF0062BA35 /* Frameworks */,
				2D161C6E206350EF0062BA35 /* CopyFiles */,
			);
			buildRules = (
			);
			dependencies = (
			);
			name = tutorial1clt;
			productName = tutorial1clt;
			productReference = 2D161C70206350EF0062BA35 /* tutorial1clt */;
			productType = "com.apple.product-type.tool";
		};
/* End PBXNativeTarget section */

/* Begin PBXProject section */
		2D161C0C20634CBF0062BA35 /* Project object */ = {
			isa = PBXProject;
			attributes = {
				LastUpgradeCheck = 0920;
				ORGANIZATIONNAME = Dena;
				TargetAttributes = {
					2D161C62206350CA0062BA35 = {
						CreatedOnToolsVersion = 9.2;
						ProvisioningStyle = Automatic;
					};
					2D161C6F206350EF0062BA35 = {
						CreatedOnToolsVersion = 9.2;
						ProvisioningStyle = Automatic;
					};
				};
			};
			buildConfigurationList = 2D161C0F20634CBF0062BA35 /* Build configuration list for PBXProject "tutorial1" */;
			compatibilityVersion = "Xcode 8.0";
			developmentRegion = en;
			hasScannedForEncodings = 0;
			knownRegions = (
				en,
			);
			mainGroup = 2D161C0B20634CBF0062BA35;
			productRefGroup = 2D161C1520634CBF0062BA35 /* Products */;
			projectDirPath = "";
			projectRoot = "";
			targets = (
				2D161C62206350CA0062BA35 /* tutorial1svr */,
				2D161C6F206350EF0062BA35 /* tutorial1clt */,
			);
		};
/* End PBXProject section */

/* Begin PBXSourcesBuildPhase section */
		2D161C5F206350CA0062BA35 /* Sources */ = {
			isa = PBXSourcesBuildPhase;
			buildActionMask = 2147483647;
			files = (
				2D161C6B206350DE0062BA35 /* helloworld.pb.cc in Sources */,
				2D161C6A206350DB0062BA35 /* server.cpp in Sources */,
			);
			runOnlyForDeploymentPostprocessing = 0;
		};
		2D161C6C206350EF0062BA35 /* Sources */ = {
			isa = PBXSourcesBuildPhase;
			buildActionMask = 2147483647;
			files = (
				2D161C77206350F60062BA35 /* helloworld.pb.cc in Sources */,
				2D161C78206350F90062BA35 /* client.cpp in Sources */,
			);
			runOnlyForDeploymentPostprocessing = 0;
		};
/* End PBXSourcesBuildPhase section */

/* Begin XCBuildConfiguration section */
		2D161C1920634CBF0062BA35 /* Debug */ = {
			isa = XCBuildConfiguration;
			buildSettings = {
				ALWAYS_SEARCH_USER_PATHS = NO;
				CLANG_ANALYZER_NONNULL = YES;
				CLANG_ANALYZER_NUMBER_OBJECT_CONVERSION = YES_AGGRESSIVE;
				CLANG_CXX_LANGUAGE_STANDARD = "gnu++14";
				CLANG_CXX_LIBRARY = "libc++";
				CLANG_ENABLE_MODULES = YES;
				CLANG_ENABLE_OBJC_ARC = YES;
				CLANG_WARN_BLOCK_CAPTURE_AUTORELEASING = YES;
				CLANG_WARN_BOOL_CONVERSION = YES;
				CLANG_WARN_COMMA = YES;
				CLANG_WARN_CONSTANT_CONVERSION = YES;
				CLANG_WARN_DIRECT_OBJC_ISA_USAGE = YES_ERROR;
				CLANG_WARN_DOCUMENTATION_COMMENTS = YES;
				CLANG_WARN_EMPTY_BODY = YES;
				CLANG_WARN_ENUM_CONVERSION = YES;
				CLANG_WARN_INFINITE_RECURSION = YES;
				CLANG_WARN_INT_CONVERSION = YES;
				CLANG_WARN_NON_LITERAL_NULL_CONVERSION = YES;
				CLANG_WARN_OBJC_LITERAL_CONVERSION = YES;
				CLANG_WARN_OBJC_ROOT_CLASS = YES_ERROR;
				CLANG_WARN_RANGE_LOOP_ANALYSIS = YES;
				CLANG_WARN_STRICT_PROTOTYPES = YES;
				CLANG_WARN_SUSPICIOUS_MOVE = YES;
				CLANG_WARN_UNGUARDED_AVAILABILITY = YES_AGGRESSIVE;
				CLANG_WARN_UNREACHABLE_CODE = YES;
				CLANG_WARN__DUPLICATE_METHOD_MATCH = YES;
				CODE_SIGN_IDENTITY = "-";
				COPY_PHASE_STRIP = NO;
				DEBUG_INFORMATION_FORMAT = dwarf;
				ENABLE_STRICT_OBJC_MSGSEND = YES;
				ENABLE_TESTABILITY = YES;
				GCC_C_LANGUAGE_STANDARD = gnu11;
				GCC_DYNAMIC_NO_PIC = NO;
				GCC_NO_COMMON_BLOCKS = YES;
				GCC_OPTIMIZATION_LEVEL = 0;
				GCC_PREPROCESSOR_DEFINITIONS = (
					"DEBUG=1",
					"$(inherited)",
				);
				GCC_WARN_64_TO_32_BIT_CONVERSION = YES;
				GCC_WARN_ABOUT_RETURN_TYPE = YES_ERROR;
				GCC_WARN_UNDECLARED_SELECTOR = YES;
				GCC_WARN_UNINITIALIZED_AUTOS = YES_AGGRESSIVE;
				GCC_WARN_UNUSED_FUNCTION = YES;
				GCC_WARN_UNUSED_VARIABLE = YES;
				HEADER_SEARCH_PATHS = (
					/usr/local/include,
					../../co,
					../../corpc,
					../../proto,
				);
				LIBRARY_SEARCH_PATHS = /usr/local/lib;
				MACOSX_DEPLOYMENT_TARGET = 10.12;
				MTL_ENABLE_DEBUG_INFO = YES;
				ONLY_ACTIVE_ARCH = YES;
				OTHER_LDFLAGS = "-lprotobuf";
				SDKROOT = macosx;
			};
			name = Debug;
		};
		2D161C1A20634CBF0062BA35 /* Release */ = {
			isa = XCBuildConfiguration;
			buildSettings = {
				ALWAYS_SEARCH_USER_PATHS = NO;
				CLANG_ANALYZER_NONNULL = YES;
				CLANG_ANALYZER_NUMBER_OBJECT_CONVERSION = YES_AGGRESSIVE;
				CLANG_CXX_LANGUAGE_STANDARD = "gnu++14";
				CLANG_CXX_LIBRARY = "libc++";
				CLANG_ENABLE_MODULES = YES;
				CLANG_ENABLE_OBJC_ARC = YES;
				CLANG_WARN_BLOCK_CAPTURE_AUTORELEASING = YES;
				CLANG_WARN_BOOL_CONVERSION = YES;
				CLANG_WARN_COMMA = YES;
				CLANG_WARN_CONSTANT_CONVERSION = YES;
				CLANG_WARN_DIRECT_OBJC_ISA_USAGE = YES_ERROR;
				CLANG_WARN_DOCUMENTATION_COMMENTS = YES;
				CLANG_WARN_EMPTY_BODY = YES;
				CLANG_WARN_ENUM_CONVERSION = YES;
				CLANG_WARN_INFINITE_RECURSION = YES;
				CLANG_WARN_INT_CONVERSION = YES;
				CLANG_WARN_NON_LITERAL_NULL_CONVERSION = YES;
				CLANG_WARN_OBJC_LITERAL_CONVERSION = YES;
				CLANG_WARN_OBJC_ROOT_CLASS = YES_ERROR;
				CLANG_WARN_RANGE_LOOP_ANALYSIS = YES;
				CLANG_WARN_STRICT_PROTOTYPES = YES;
				CLANG_WARN_SUSPICIOUS_MOVE = YES;
				CLANG_WARN_UNGUARDED_AVAILABILITY = YES_AGGRESSIVE;
				CLANG_WARN_UNREACHABLE_CODE = YES;
				CLANG_WARN__DUPLICATE_METHOD_MATCH = YES;
				CODE_SIGN_IDENTITY = "-";
				COPY_PHASE_STRIP = NO;
				DEBUG_INFORMATION_FORMAT = "dwarf-with-dsym";
				ENABLE_NS_ASSERTIONS = NO;
				ENABLE_STRICT_OBJC_MSGSEND = YES;
				GCC_C_LANGUAGE_STANDARD = gnu11;
				GCC_NO_COMMON_BLOCKS = YES;
				GCC_WARN_64_TO_32_BIT_CONVERSION = YES;
				GCC_WARN_ABOUT_RETURN_TYPE = YES_ERROR;
				GCC_WARN_UNDECLARED_SELECTOR = YES;
				GCC_WARN_UNINITIALIZED_AUTOS = YES_AGGRESSIVE;
				GCC_WARN_UNUSED_FUNCTION = YES;
				GCC_WARN_UNUSED_VARIABLE = YES;
				HEADER_SEARCH_PATHS = (
					/usr/local/include,
					../../co,
					../../corpc,
					../../proto,
				);
				LIBRARY_SEARCH_PATHS = /usr/local/lib;
				MACOSX_DEPLOYMENT_TARGET = 10.12;
				MTL_ENABLE_DEBUG_INFO = NO;
				OTHER_LDFLAGS = "-lprotobuf";
				SDKROOT = macosx;
			};
			name = Release;
		};
		2D161C68206350CA0062BA35 /* Debug */ = {
			isa = XCBuildConfiguration;
			buildSettings = {
				CODE_SIGN_STYLE = Automatic;
				PRODUCT_NAME = "$(TARGET_NAME)";
			};
			name = Debug;
		};
		2D161C69206350CA0062BA35 /* Release */ = {
			isa = XCBuildConfiguration;
			buildSettings = {
				CODE_SIGN_STYLE = Automatic;
				PRODUCT_NAME = "$(TARGET_NAME)";
			};
			name = Release;
		};
		2D161C75206350EF0062BA35 /* Debug */ = {
			isa = XCBuildConfiguration;
			buildSettings = {
				CODE_SIGN_STYLE = Automatic;
				PRODUCT_NAME = "$(TARGET_NAME)";
			};
			name = Debug;
		};
		2D161C76206350EF0062BA35 /* Release */ = {
			isa = XCBuildConfiguration;
			buildSettings = {
				CODE_SIGN_STYLE = Automatic;
				PRODUCT_NAME = "$(TARGET_NAME)";
			};
			name = Release;
		};
/* End XCBuildConfiguration section */

/* Begin XCConfigurationList section */
		2D161C0F20634CBF0062BA35 /* Build configuration list for PBXProject "tutorial1" */ = {
			isa = XCConfigurationList;
			buildConfigurations = (
				2D161C1920634CBF0062BA35 /* Debug */,
				2D161C1A20634CBF0062BA35 /* Release */,
			);
			defaultConfigurationIsVisible = 0;
			defaultConfigurationName = Release;
		};
		2D161C67206350CA0062BA35 /* Build configuration list for PBXNativeTarget "tutorial1svr" */ = {
			isa = XCConfigurationList;
			buildConfigurations = (
				2D161C68206350CA0062BA35 /* Debug */,
				2D161C69206350CA0062BA35 /* Release */,
			);
			defaultConfigurationIsVisible = 0;
			defaultConfigurationName = Release;
		};
		2D161C74206350EF0062BA35 /* Build configuration list for PBXNativeTarget "tutorial1clt" */ = {
			isa = XCConfigurationList;
			buildConfigurations = (
				2D161C75206350EF0062BA35 /* Debug */,
				2D161C76206350EF0062BA35 /* Release */,
			);
			defaultConfigurationIsVisible = 0;
			defaultConfigurationName = Release;
		};
/* End XCConfigurationList section */
	};
	rootObject = 2D161C0C20634CBF0062BA35 /* Project object */;
}
