// !$*UTF8*$!
{
	archiveVersion = 1;
	classes = {
	};
	objectVersion = 48;
	objects = {

/* Begin PBXBuildFile section */
		2D4BC1B120DD04E100BA4F26 /* main.cpp in Sources */ = {isa = PBXBuildFile; fileRef = 2D4BC1B020DD04E100BA4F26 /* main.cpp */; };
		2D5D6EE020510A5E0000CD28 /* foo.pb.cc in Sources */ = {isa = PBXBuildFile; fileRef = 2D5D6EDA20510A5E0000CD28 /* foo.pb.cc */; };
		2D5D6EE120510A5E0000CD28 /* bar.pb.cc in Sources */ = {isa = PBXBuildFile; fileRef = 2D5D6EDC20510A5E0000CD28 /* bar.pb.cc */; };
		2D5D6EE220510A5E0000CD28 /* baz.pb.cc in Sources */ = {isa = PBXBuildFile; fileRef = 2D5D6EDD20510A5E0000CD28 /* baz.pb.cc */; };
		2DC30048204E36D40002F91F /* libco.dylib in Frameworks */ = {isa = PBXBuildFile; fileRef = 2DC3004A204E36D40002F91F /* libco.dylib */; };
		2DC30049204E36D40002F91F /* libcorpc.dylib in Frameworks */ = {isa = PBXBuildFile; fileRef = 2DC3004B204E36D40002F91F /* libcorpc.dylib */; };
/* End PBXBuildFile section */

/* Begin PBXCopyFilesBuildPhase section */
		2DB2B2B1204905DF00114392 /* CopyFiles */ = {
			isa = PBXCopyFilesBuildPhase;
			buildActionMask = 2147483647;
			dstPath = /usr/share/man/man1/;
			dstSubfolderSpec = 0;
			files = (
			);
			runOnlyForDeploymentPostprocessing = 1;
		};
/* End PBXCopyFilesBuildPhase section */

/* Begin PBXFileReference section */
		2D4BC1B020DD04E100BA4F26 /* main.cpp */ = {isa = PBXFileReference; fileEncoding = 4; lastKnownFileType = sourcecode.cpp.cpp; name = main.cpp; path = src/main.cpp; sourceTree = "<group>"; };
		2D5D6EDA20510A5E0000CD28 /* foo.pb.cc */ = {isa = PBXFileReference; fileEncoding = 4; lastKnownFileType = sourcecode.cpp.cpp; name = foo.pb.cc; path = ../proto/foo.pb.cc; sourceTree = "<group>"; };
		2D5D6EDB20510A5E0000CD28 /* baz.pb.h */ = {isa = PBXFileReference; fileEncoding = 4; lastKnownFileType = sourcecode.c.h; name = baz.pb.h; path = ../proto/baz.pb.h; sourceTree = "<group>"; };
		2D5D6EDC20510A5E0000CD28 /* bar.pb.cc */ = {isa = PBXFileReference; fileEncoding = 4; lastKnownFileType = sourcecode.cpp.cpp; name = bar.pb.cc; path = ../proto/bar.pb.cc; sourceTree = "<group>"; };
		2D5D6EDD20510A5E0000CD28 /* baz.pb.cc */ = {isa = PBXFileReference; fileEncoding = 4; lastKnownFileType = sourcecode.cpp.cpp; name = baz.pb.cc; path = ../proto/baz.pb.cc; sourceTree = "<group>"; };
		2D5D6EDE20510A5E0000CD28 /* bar.pb.h */ = {isa = PBXFileReference; fileEncoding = 4; lastKnownFileType = sourcecode.c.h; name = bar.pb.h; path = ../proto/bar.pb.h; sourceTree = "<group>"; };
		2D5D6EDF20510A5E0000CD28 /* foo.pb.h */ = {isa = PBXFileReference; fileEncoding = 4; lastKnownFileType = sourcecode.c.h; name = foo.pb.h; path = ../proto/foo.pb.h; sourceTree = "<group>"; };
		2DB2B2B3204905DF00114392 /* innerRpc */ = {isa = PBXFileReference; explicitFileType = "compiled.mach-o.executable"; includeInIndex = 0; path = innerRpc; sourceTree = BUILT_PRODUCTS_DIR; };
		2DC3004A204E36D40002F91F /* libco.dylib */ = {isa = PBXFileReference; explicitFileType = "compiled.mach-o.dylib"; path = libco.dylib; sourceTree = BUILT_PRODUCTS_DIR; };
		2DC3004B204E36D40002F91F /* libcorpc.dylib */ = {isa = PBXFileReference; explicitFileType = "compiled.mach-o.dylib"; path = libcorpc.dylib; sourceTree = BUILT_PRODUCTS_DIR; };
/* End PBXFileReference section */

/* Begin PBXFrameworksBuildPhase section */
		2DB2B2B0204905DF00114392 /* Frameworks */ = {
			isa = PBXFrameworksBuildPhase;
			buildActionMask = 2147483647;
			files = (
				2DC30048204E36D40002F91F /* libco.dylib in Frameworks */,
				2DC30049204E36D40002F91F /* libcorpc.dylib in Frameworks */,
			);
			runOnlyForDeploymentPostprocessing = 0;
		};
/* End PBXFrameworksBuildPhase section */

/* Begin PBXGroup section */
		2DB2B2AA204905DF00114392 = {
			isa = PBXGroup;
			children = (
				2DC3004C204E6ACB0002F91F /* src */,
				2DB2B2B4204905DF00114392 /* Products */,
				2DC30047204E36D40002F91F /* Frameworks */,
			);
			sourceTree = "<group>";
		};
		2DB2B2B4204905DF00114392 /* Products */ = {
			isa = PBXGroup;
			children = (
				2DB2B2B3204905DF00114392 /* innerRpc */,
			);
			name = Products;
			sourceTree = "<group>";
		};
		2DC30047204E36D40002F91F /* Frameworks */ = {
			isa = PBXGroup;
			children = (
				2DC3004A204E36D40002F91F /* libco.dylib */,
				2DC3004B204E36D40002F91F /* libcorpc.dylib */,
			);
			name = Frameworks;
			sourceTree = "<group>";
		};
		2DC3004C204E6ACB0002F91F /* src */ = {
			isa = PBXGroup;
			children = (
				2D4BC1B020DD04E100BA4F26 /* main.cpp */,
				2D5D6EDC20510A5E0000CD28 /* bar.pb.cc */,
				2D5D6EDE20510A5E0000CD28 /* bar.pb.h */,
				2D5D6EDD20510A5E0000CD28 /* baz.pb.cc */,
				2D5D6EDB20510A5E0000CD28 /* baz.pb.h */,
				2D5D6EDA20510A5E0000CD28 /* foo.pb.cc */,
				2D5D6EDF20510A5E0000CD28 /* foo.pb.h */,
			);
			name = src;
			sourceTree = "<group>";
		};
/* End PBXGroup section */

/* Begin PBXNativeTarget section */
		2DB2B2B2204905DF00114392 /* innerRpc */ = {
			isa = PBXNativeTarget;
			buildConfigurationList = 2DB2B2BA204905DF00114392 /* Build configuration list for PBXNativeTarget "innerRpc" */;
			buildPhases = (
				2DB2B2AF204905DF00114392 /* Sources */,
				2DB2B2B0204905DF00114392 /* Frameworks */,
				2DB2B2B1204905DF00114392 /* CopyFiles */,
			);
			buildRules = (
			);
			dependencies = (
			);
			name = innerRpc;
			productName = testInnerRpc;
			productReference = 2DB2B2B3204905DF00114392 /* innerRpc */;
			productType = "com.apple.product-type.tool";
		};
/* End PBXNativeTarget section */

/* Begin PBXProject section */
		2DB2B2AB204905DF00114392 /* Project object */ = {
			isa = PBXProject;
			attributes = {
				LastUpgradeCheck = 0920;
				ORGANIZATIONNAME = Dena;
				TargetAttributes = {
					2DB2B2B2204905DF00114392 = {
						CreatedOnToolsVersion = 9.2;
						ProvisioningStyle = Automatic;
					};
				};
			};
			buildConfigurationList = 2DB2B2AE204905DF00114392 /* Build configuration list for PBXProject "example_innerRpc" */;
			compatibilityVersion = "Xcode 8.0";
			developmentRegion = en;
			hasScannedForEncodings = 0;
			knownRegions = (
				en,
			);
			mainGroup = 2DB2B2AA204905DF00114392;
			productRefGroup = 2DB2B2B4204905DF00114392 /* Products */;
			projectDirPath = "";
			projectRoot = "";
			targets = (
				2DB2B2B2204905DF00114392 /* innerRpc */,
			);
		};
/* End PBXProject section */

/* Begin PBXSourcesBuildPhase section */
		2DB2B2AF204905DF00114392 /* Sources */ = {
			isa = PBXSourcesBuildPhase;
			buildActionMask = 2147483647;
			files = (
				2D5D6EE120510A5E0000CD28 /* bar.pb.cc in Sources */,
				2D5D6EE220510A5E0000CD28 /* baz.pb.cc in Sources */,
				2D4BC1B120DD04E100BA4F26 /* main.cpp in Sources */,
				2D5D6EE020510A5E0000CD28 /* foo.pb.cc in Sources */,
			);
			runOnlyForDeploymentPostprocessing = 0;
		};
/* End PBXSourcesBuildPhase section */

/* Begin XCBuildConfiguration section */
		2DB2B2B8204905DF00114392 /* Debug */ = {
			isa = XCBuildConfiguration;
			buildSettings = {
				ALWAYS_SEARCH_USER_PATHS = NO;
				CLANG_ANALYZER_NONNULL = YES;
				CLANG_ANALYZER_NUMBER_OBJECT_CONVERSION = YES_AGGRESSIVE;
				CLANG_CXX_LANGUAGE_STANDARD = "gnu++14";
				CLANG_CXX_LIBRARY = "libc++";
				CLANG_ENABLE_MODULES = YES;
				CLANG_ENABLE_OBJC_ARC = YES;
				CLANG_WARN_BLOCK_CAPTURE_AUTORELEASING = YES;
				CLANG_WARN_BOOL_CONVERSION = YES;
				CLANG_WARN_COMMA = YES;
				CLANG_WARN_CONSTANT_CONVERSION = YES;
				CLANG_WARN_DIRECT_OBJC_ISA_USAGE = YES_ERROR;
				CLANG_WARN_DOCUMENTATION_COMMENTS = YES;
				CLANG_WARN_EMPTY_BODY = YES;
				CLANG_WARN_ENUM_CONVERSION = YES;
				CLANG_WARN_INFINITE_RECURSION = YES;
				CLANG_WARN_INT_CONVERSION = YES;
				CLANG_WARN_NON_LITERAL_NULL_CONVERSION = YES;
				CLANG_WARN_OBJC_LITERAL_CONVERSION = YES;
				CLANG_WARN_OBJC_ROOT_CLASS = YES_ERROR;
				CLANG_WARN_RANGE_LOOP_ANALYSIS = YES;
				CLANG_WARN_STRICT_PROTOTYPES = YES;
				CLANG_WARN_SUSPICIOUS_MOVE = YES;
				CLANG_WARN_UNGUARDED_AVAILABILITY = YES_AGGRESSIVE;
				CLANG_WARN_UNREACHABLE_CODE = YES;
				CLANG_WARN__DUPLICATE_METHOD_MATCH = YES;
				CODE_SIGN_IDENTITY = "-";
				COPY_PHASE_STRIP = NO;
				DEBUG_INFORMATION_FORMAT = dwarf;
				ENABLE_STRICT_OBJC_MSGSEND = YES;
				ENABLE_TESTABILITY = YES;
				GCC_C_LANGUAGE_STANDARD = gnu11;
				GCC_DYNAMIC_NO_PIC = NO;
				GCC_NO_COMMON_BLOCKS = YES;
				GCC_OPTIMIZATION_LEVEL = 0;
				GCC_PREPROCESSOR_DEFINITIONS = (
					"DEBUG=1",
					"$(inherited)",
				);
				GCC_WARN_64_TO_32_BIT_CONVERSION = YES;
				GCC_WARN_ABOUT_RETURN_TYPE = YES_ERROR;
				GCC_WARN_UNDECLARED_SELECTOR = YES;
				GCC_WARN_UNINITIALIZED_AUTOS = YES_AGGRESSIVE;
				GCC_WARN_UNUSED_FUNCTION = YES;
				GCC_WARN_UNUSED_VARIABLE = YES;
				MACOSX_DEPLOYMENT_TARGET = 10.12;
				MTL_ENABLE_DEBUG_INFO = YES;
				ONLY_ACTIVE_ARCH = YES;
				SDKROOT = macosx;
			};
			name = Debug;
		};
		2DB2B2B9204905DF00114392 /* Release */ = {
			isa = XCBuildConfiguration;
			buildSettings = {
				ALWAYS_SEARCH_USER_PATHS = NO;
				CLANG_ANALYZER_NONNULL = YES;
				CLANG_ANALYZER_NUMBER_OBJECT_CONVERSION = YES_AGGRESSIVE;
				CLANG_CXX_LANGUAGE_STANDARD = "gnu++14";
				CLANG_CXX_LIBRARY = "libc++";
				CLANG_ENABLE_MODULES = YES;
				CLANG_ENABLE_OBJC_ARC = YES;
				CLANG_WARN_BLOCK_CAPTURE_AUTORELEASING = YES;
				CLANG_WARN_BOOL_CONVERSION = YES;
				CLANG_WARN_COMMA = YES;
				CLANG_WARN_CONSTANT_CONVERSION = YES;
				CLANG_WARN_DIRECT_OBJC_ISA_USAGE = YES_ERROR;
				CLANG_WARN_DOCUMENTATION_COMMENTS = YES;
				CLANG_WARN_EMPTY_BODY = YES;
				CLANG_WARN_ENUM_CONVERSION = YES;
				CLANG_WARN_INFINITE_RECURSION = YES;
				CLANG_WARN_INT_CONVERSION = YES;
				CLANG_WARN_NON_LITERAL_NULL_CONVERSION = YES;
				CLANG_WARN_OBJC_LITERAL_CONVERSION = YES;
				CLANG_WARN_OBJC_ROOT_CLASS = YES_ERROR;
				CLANG_WARN_RANGE_LOOP_ANALYSIS = YES;
				CLANG_WARN_STRICT_PROTOTYPES = YES;
				CLANG_WARN_SUSPICIOUS_MOVE = YES;
				CLANG_WARN_UNGUARDED_AVAILABILITY = YES_AGGRESSIVE;
				CLANG_WARN_UNREACHABLE_CODE = YES;
				CLANG_WARN__DUPLICATE_METHOD_MATCH = YES;
				CODE_SIGN_IDENTITY = "-";
				COPY_PHASE_STRIP = NO;
				DEBUG_INFORMATION_FORMAT = "dwarf-with-dsym";
				ENABLE_NS_ASSERTIONS = NO;
				ENABLE_STRICT_OBJC_MSGSEND = YES;
				GCC_C_LANGUAGE_STANDARD = gnu11;
				GCC_NO_COMMON_BLOCKS = YES;
				GCC_WARN_64_TO_32_BIT_CONVERSION = YES;
				GCC_WARN_ABOUT_RETURN_TYPE = YES_ERROR;
				GCC_WARN_UNDECLARED_SELECTOR = YES;
				GCC_WARN_UNINITIALIZED_AUTOS = YES_AGGRESSIVE;
				GCC_WARN_UNUSED_FUNCTION = YES;
				GCC_WARN_UNUSED_VARIABLE = YES;
				MACOSX_DEPLOYMENT_TARGET = 10.12;
				MTL_ENABLE_DEBUG_INFO = NO;
				SDKROOT = macosx;
			};
			name = Release;
		};
		2DB2B2BB204905DF00114392 /* Debug */ = {
			isa = XCBuildConfiguration;
			buildSettings = {
				CODE_SIGN_STYLE = Automatic;
				HEADER_SEARCH_PATHS = (
					/usr/local/include,
					../../co/src,
					../../corpc/src,
					../../corpc/src/proto,
				);
				LIBRARY_SEARCH_PATHS = /usr/local/lib;
				OTHER_LDFLAGS = "-lprotobuf";
				PRODUCT_NAME = "$(TARGET_NAME)";
			};
			name = Debug;
		};
		2DB2B2BC204905DF00114392 /* Release */ = {
			isa = XCBuildConfiguration;
			buildSettings = {
				CODE_SIGN_STYLE = Automatic;
				HEADER_SEARCH_PATHS = (
					/usr/local/include,
					../../co/src,
					../../corpc/src,
					../../corpc/src/proto,
				);
				LIBRARY_SEARCH_PATHS = /usr/local/lib;
				OTHER_LDFLAGS = "-lprotobuf";
				PRODUCT_NAME = "$(TARGET_NAME)";
			};
			name = Release;
		};
/* End XCBuildConfiguration section */

/* Begin XCConfigurationList section */
		2DB2B2AE204905DF00114392 /* Build configuration list for PBXProject "example_innerRpc" */ = {
			isa = XCConfigurationList;
			buildConfigurations = (
				2DB2B2B8204905DF00114392 /* Debug */,
				2DB2B2B9204905DF00114392 /* Release */,
			);
			defaultConfigurationIsVisible = 0;
			defaultConfigurationName = Release;
		};
		2DB2B2BA204905DF00114392 /* Build configuration list for PBXNativeTarget "innerRpc" */ = {
			isa = XCConfigurationList;
			buildConfigurations = (
				2DB2B2BB204905DF00114392 /* Debug */,
				2DB2B2BC204905DF00114392 /* Release */,
			);
			defaultConfigurationIsVisible = 0;
			defaultConfigurationName = Release;
		};
/* End XCConfigurationList section */
	};
	rootObject = 2DB2B2AB204905DF00114392 /* Project object */;
}
