// !$*UTF8*$!
{
	archiveVersion = 1;
	classes = {
	};
	objectVersion = 46;
	objects = {

/* Begin PBXBuildFile section */
		2D6BC6812016D2FA0068AF30 /* corpc_option.pb.cc in Sources */ = {isa = PBXBuildFile; fileRef = 2D6BC67F2016D2FA0068AF30 /* corpc_option.pb.cc */; };
		2D6BC68F201729020068AF30 /* foo.pb.cc in Sources */ = {isa = PBXBuildFile; fileRef = 2D6BC68C201729020068AF30 /* foo.pb.cc */; };
		2D6BC690201729020068AF30 /* bar.pb.cc in Sources */ = {isa = PBXBuildFile; fileRef = 2D6BC68E201729020068AF30 /* bar.pb.cc */; };
		2DB2B28A203FAF2000114392 /* corpc_client.cpp in Sources */ = {isa = PBXBuildFile; fileRef = 2DB2B284203FAF2000114392 /* corpc_client.cpp */; };
		2DB2B28B203FAF2000114392 /* corpc_server.cpp in Sources */ = {isa = PBXBuildFile; fileRef = 2DB2B286203FAF2000114392 /* corpc_server.cpp */; };
		2DB2B28C203FAF2000114392 /* corpc_routine_env.cpp in Sources */ = {isa = PBXBuildFile; fileRef = 2DB2B287203FAF2000114392 /* corpc_routine_env.cpp */; };
		2DB2B2902040140C00114392 /* corpc_io.cpp in Sources */ = {isa = PBXBuildFile; fileRef = 2DB2B282203FAF2000114392 /* corpc_io.cpp */; };
		2DC09BEA1FAABB0600B94E05 /* testrpc_cli.cpp in Sources */ = {isa = PBXBuildFile; fileRef = 2DC09BE81FAABB0600B94E05 /* testrpc_cli.cpp */; };
		2DC09C6F1FB5864800B94E05 /* libco.dylib in Frameworks */ = {isa = PBXBuildFile; fileRef = 2DC09BC51FA32BF200B94E05 /* libco.dylib */; };
/* End PBXBuildFile section */

/* Begin PBXCopyFilesBuildPhase section */
		2DC09BB11FA319EA00B94E05 /* CopyFiles */ = {
			isa = PBXCopyFilesBuildPhase;
			buildActionMask = 2147483647;
			dstPath = /usr/share/man/man1/;
			dstSubfolderSpec = 0;
			files = (
			);
			runOnlyForDeploymentPostprocessing = 1;
		};
/* End PBXCopyFilesBuildPhase section */

/* Begin PBXFileReference section */
		2D6BC67F2016D2FA0068AF30 /* corpc_option.pb.cc */ = {isa = PBXFileReference; fileEncoding = 4; lastKnownFileType = sourcecode.cpp.cpp; name = corpc_option.pb.cc; path = ../src/corpc_option.pb.cc; sourceTree = "<group>"; };
		2D6BC6802016D2FA0068AF30 /* corpc_option.pb.h */ = {isa = PBXFileReference; fileEncoding = 4; lastKnownFileType = sourcecode.c.h; name = corpc_option.pb.h; path = ../src/corpc_option.pb.h; sourceTree = "<group>"; };
		2D6BC68B201729020068AF30 /* bar.pb.h */ = {isa = PBXFileReference; fileEncoding = 4; lastKnownFileType = sourcecode.c.h; name = bar.pb.h; path = ../test/bar.pb.h; sourceTree = "<group>"; };
		2D6BC68C201729020068AF30 /* foo.pb.cc */ = {isa = PBXFileReference; fileEncoding = 4; lastKnownFileType = sourcecode.cpp.cpp; name = foo.pb.cc; path = ../test/foo.pb.cc; sourceTree = "<group>"; };
		2D6BC68D201729020068AF30 /* foo.pb.h */ = {isa = PBXFileReference; fileEncoding = 4; lastKnownFileType = sourcecode.c.h; name = foo.pb.h; path = ../test/foo.pb.h; sourceTree = "<group>"; };
		2D6BC68E201729020068AF30 /* bar.pb.cc */ = {isa = PBXFileReference; fileEncoding = 4; lastKnownFileType = sourcecode.cpp.cpp; name = bar.pb.cc; path = ../test/bar.pb.cc; sourceTree = "<group>"; };
		2DB2B280203FAF1F00114392 /* corpc_inner.h */ = {isa = PBXFileReference; fileEncoding = 4; lastKnownFileType = sourcecode.c.h; name = corpc_inner.h; path = ../src/corpc_inner.h; sourceTree = "<group>"; };
		2DB2B281203FAF1F00114392 /* corpc_io.h */ = {isa = PBXFileReference; fileEncoding = 4; lastKnownFileType = sourcecode.c.h; name = corpc_io.h; path = ../src/corpc_io.h; sourceTree = "<group>"; };
		2DB2B282203FAF2000114392 /* corpc_io.cpp */ = {isa = PBXFileReference; fileEncoding = 4; lastKnownFileType = sourcecode.cpp.cpp; name = corpc_io.cpp; path = ../src/corpc_io.cpp; sourceTree = "<group>"; };
		2DB2B283203FAF2000114392 /* corpc_client.h */ = {isa = PBXFileReference; fileEncoding = 4; lastKnownFileType = sourcecode.c.h; name = corpc_client.h; path = ../src/corpc_client.h; sourceTree = "<group>"; };
		2DB2B284203FAF2000114392 /* corpc_client.cpp */ = {isa = PBXFileReference; fileEncoding = 4; lastKnownFileType = sourcecode.cpp.cpp; name = corpc_client.cpp; path = ../src/corpc_client.cpp; sourceTree = "<group>"; };
		2DB2B285203FAF2000114392 /* corpc_routine_env.h */ = {isa = PBXFileReference; fileEncoding = 4; lastKnownFileType = sourcecode.c.h; name = corpc_routine_env.h; path = ../src/corpc_routine_env.h; sourceTree = "<group>"; };
		2DB2B286203FAF2000114392 /* corpc_server.cpp */ = {isa = PBXFileReference; fileEncoding = 4; lastKnownFileType = sourcecode.cpp.cpp; name = corpc_server.cpp; path = ../src/corpc_server.cpp; sourceTree = "<group>"; };
		2DB2B287203FAF2000114392 /* corpc_routine_env.cpp */ = {isa = PBXFileReference; fileEncoding = 4; lastKnownFileType = sourcecode.cpp.cpp; name = corpc_routine_env.cpp; path = ../src/corpc_routine_env.cpp; sourceTree = "<group>"; };
		2DB2B288203FAF2000114392 /* corpc_controller.h */ = {isa = PBXFileReference; fileEncoding = 4; lastKnownFileType = sourcecode.c.h; name = corpc_controller.h; path = ../src/corpc_controller.h; sourceTree = "<group>"; };
		2DC09BB31FA319EA00B94E05 /* rpccli */ = {isa = PBXFileReference; explicitFileType = "compiled.mach-o.executable"; includeInIndex = 0; path = rpccli; sourceTree = BUILT_PRODUCTS_DIR; };
		2DC09BC51FA32BF200B94E05 /* libco.dylib */ = {isa = PBXFileReference; lastKnownFileType = "compiled.mach-o.dylib"; name = libco.dylib; path = ../../DerivedData/libco_mac/Build/Products/Debug/libco.dylib; sourceTree = "<group>"; };
		2DC09BE81FAABB0600B94E05 /* testrpc_cli.cpp */ = {isa = PBXFileReference; fileEncoding = 4; lastKnownFileType = sourcecode.cpp.cpp; name = testrpc_cli.cpp; path = ../test/testrpc_cli.cpp; sourceTree = "<group>"; };
		2DEC48932008BB2000554941 /* corpc_server.h */ = {isa = PBXFileReference; fileEncoding = 4; lastKnownFileType = sourcecode.c.h; name = corpc_server.h; path = ../src/corpc_server.h; sourceTree = "<group>"; };
/* End PBXFileReference section */

/* Begin PBXFrameworksBuildPhase section */
		2DC09BB01FA319EA00B94E05 /* Frameworks */ = {
			isa = PBXFrameworksBuildPhase;
			buildActionMask = 2147483647;
			files = (
				2DC09C6F1FB5864800B94E05 /* libco.dylib in Frameworks */,
			);
			runOnlyForDeploymentPostprocessing = 0;
		};
/* End PBXFrameworksBuildPhase section */

/* Begin PBXGroup section */
		2DC09BAA1FA319EA00B94E05 = {
			isa = PBXGroup;
			children = (
				2DC09BD01FA9DA3400B94E05 /* test */,
				2DC09BBD1FA31C6200B94E05 /* src */,
				2DC09BB41FA319EA00B94E05 /* Products */,
				2DC09BC41FA32BF200B94E05 /* Frameworks */,
			);
			sourceTree = "<group>";
		};
		2DC09BB41FA319EA00B94E05 /* Products */ = {
			isa = PBXGroup;
			children = (
				2DC09BB31FA319EA00B94E05 /* rpccli */,
			);
			name = Products;
			sourceTree = "<group>";
		};
		2DC09BBD1FA31C6200B94E05 /* src */ = {
			isa = PBXGroup;
			children = (
				2D6BC67F2016D2FA0068AF30 /* corpc_option.pb.cc */,
				2D6BC6802016D2FA0068AF30 /* corpc_option.pb.h */,
				2DB2B287203FAF2000114392 /* corpc_routine_env.cpp */,
				2DB2B285203FAF2000114392 /* corpc_routine_env.h */,
				2DB2B288203FAF2000114392 /* corpc_controller.h */,
				2DB2B280203FAF1F00114392 /* corpc_inner.h */,
				2DB2B282203FAF2000114392 /* corpc_io.cpp */,
				2DB2B281203FAF1F00114392 /* corpc_io.h */,
				2DB2B284203FAF2000114392 /* corpc_client.cpp */,
				2DB2B283203FAF2000114392 /* corpc_client.h */,
				2DB2B286203FAF2000114392 /* corpc_server.cpp */,
				2DEC48932008BB2000554941 /* corpc_server.h */,
			);
			name = src;
			sourceTree = "<group>";
		};
		2DC09BC41FA32BF200B94E05 /* Frameworks */ = {
			isa = PBXGroup;
			children = (
				2DC09BC51FA32BF200B94E05 /* libco.dylib */,
			);
			name = Frameworks;
			sourceTree = "<group>";
		};
		2DC09BD01FA9DA3400B94E05 /* test */ = {
			isa = PBXGroup;
			children = (
				2D6BC68E201729020068AF30 /* bar.pb.cc */,
				2D6BC68B201729020068AF30 /* bar.pb.h */,
				2D6BC68C201729020068AF30 /* foo.pb.cc */,
				2D6BC68D201729020068AF30 /* foo.pb.h */,
				2DC09BE81FAABB0600B94E05 /* testrpc_cli.cpp */,
			);
			name = test;
			sourceTree = "<group>";
		};
/* End PBXGroup section */

/* Begin PBXNativeTarget section */
		2DC09BB21FA319EA00B94E05 /* rpccli */ = {
			isa = PBXNativeTarget;
			buildConfigurationList = 2DC09BBA1FA319EA00B94E05 /* Build configuration list for PBXNativeTarget "rpccli" */;
			buildPhases = (
				2DC09BAF1FA319EA00B94E05 /* Sources */,
				2DC09BB01FA319EA00B94E05 /* Frameworks */,
				2DC09BB11FA319EA00B94E05 /* CopyFiles */,
			);
			buildRules = (
			);
			dependencies = (
			);
			name = rpccli;
			productName = rpccli;
			productReference = 2DC09BB31FA319EA00B94E05 /* rpccli */;
			productType = "com.apple.product-type.tool";
		};
/* End PBXNativeTarget section */

/* Begin PBXProject section */
		2DC09BAB1FA319EA00B94E05 /* Project object */ = {
			isa = PBXProject;
			attributes = {
				LastUpgradeCheck = 0830;
				ORGANIZATIONNAME = Dena;
				TargetAttributes = {
					2DC09BB21FA319EA00B94E05 = {
						CreatedOnToolsVersion = 8.3.3;
						ProvisioningStyle = Automatic;
					};
				};
			};
			buildConfigurationList = 2DC09BAE1FA319EA00B94E05 /* Build configuration list for PBXProject "rpccli" */;
			compatibilityVersion = "Xcode 3.2";
			developmentRegion = English;
			hasScannedForEncodings = 0;
			knownRegions = (
				en,
			);
			mainGroup = 2DC09BAA1FA319EA00B94E05;
			productRefGroup = 2DC09BB41FA319EA00B94E05 /* Products */;
			projectDirPath = "";
			projectRoot = "";
			targets = (
				2DC09BB21FA319EA00B94E05 /* rpccli */,
			);
		};
/* End PBXProject section */

/* Begin PBXSourcesBuildPhase section */
		2DC09BAF1FA319EA00B94E05 /* Sources */ = {
			isa = PBXSourcesBuildPhase;
			buildActionMask = 2147483647;
			files = (
				2DC09BEA1FAABB0600B94E05 /* testrpc_cli.cpp in Sources */,
				2DB2B28C203FAF2000114392 /* corpc_routine_env.cpp in Sources */,
				2D6BC690201729020068AF30 /* bar.pb.cc in Sources */,
				2DB2B2902040140C00114392 /* corpc_io.cpp in Sources */,
				2D6BC68F201729020068AF30 /* foo.pb.cc in Sources */,
				2DB2B28B203FAF2000114392 /* corpc_server.cpp in Sources */,
				2DB2B28A203FAF2000114392 /* corpc_client.cpp in Sources */,
				2D6BC6812016D2FA0068AF30 /* corpc_option.pb.cc in Sources */,
			);
			runOnlyForDeploymentPostprocessing = 0;
		};
/* End PBXSourcesBuildPhase section */

/* Begin XCBuildConfiguration section */
		2DC09BB81FA319EA00B94E05 /* Debug */ = {
			isa = XCBuildConfiguration;
			buildSettings = {
				ALWAYS_SEARCH_USER_PATHS = NO;
				CLANG_ANALYZER_NONNULL = YES;
				CLANG_ANALYZER_NUMBER_OBJECT_CONVERSION = YES_AGGRESSIVE;
				CLANG_CXX_LANGUAGE_STANDARD = "gnu++0x";
				CLANG_CXX_LIBRARY = "libc++";
				CLANG_ENABLE_MODULES = YES;
				CLANG_ENABLE_OBJC_ARC = YES;
				CLANG_WARN_BOOL_CONVERSION = YES;
				CLANG_WARN_CONSTANT_CONVERSION = YES;
				CLANG_WARN_DIRECT_OBJC_ISA_USAGE = YES_ERROR;
				CLANG_WARN_DOCUMENTATION_COMMENTS = YES;
				CLANG_WARN_EMPTY_BODY = YES;
				CLANG_WARN_ENUM_CONVERSION = YES;
				CLANG_WARN_INFINITE_RECURSION = YES;
				CLANG_WARN_INT_CONVERSION = YES;
				CLANG_WARN_OBJC_ROOT_CLASS = YES_ERROR;
				CLANG_WARN_SUSPICIOUS_MOVE = YES;
				CLANG_WARN_UNREACHABLE_CODE = YES;
				CLANG_WARN__DUPLICATE_METHOD_MATCH = YES;
				CODE_SIGN_IDENTITY = "-";
				COPY_PHASE_STRIP = NO;
				DEBUG_INFORMATION_FORMAT = dwarf;
				ENABLE_STRICT_OBJC_MSGSEND = YES;
				ENABLE_TESTABILITY = YES;
				GCC_C_LANGUAGE_STANDARD = gnu99;
				GCC_DYNAMIC_NO_PIC = NO;
				GCC_NO_COMMON_BLOCKS = YES;
				GCC_OPTIMIZATION_LEVEL = 0;
				GCC_PREPROCESSOR_DEFINITIONS = (
					"DEBUG=1",
					"$(inherited)",
				);
				GCC_WARN_64_TO_32_BIT_CONVERSION = YES;
				GCC_WARN_ABOUT_RETURN_TYPE = YES_ERROR;
				GCC_WARN_UNDECLARED_SELECTOR = YES;
				GCC_WARN_UNINITIALIZED_AUTOS = YES_AGGRESSIVE;
				GCC_WARN_UNUSED_FUNCTION = YES;
				GCC_WARN_UNUSED_VARIABLE = YES;
				MACOSX_DEPLOYMENT_TARGET = 10.12;
				MTL_ENABLE_DEBUG_INFO = YES;
				ONLY_ACTIVE_ARCH = YES;
				SDKROOT = macosx;
			};
			name = Debug;
		};
		2DC09BB91FA319EA00B94E05 /* Release */ = {
			isa = XCBuildConfiguration;
			buildSettings = {
				ALWAYS_SEARCH_USER_PATHS = NO;
				CLANG_ANALYZER_NONNULL = YES;
				CLANG_ANALYZER_NUMBER_OBJECT_CONVERSION = YES_AGGRESSIVE;
				CLANG_CXX_LANGUAGE_STANDARD = "gnu++0x";
				CLANG_CXX_LIBRARY = "libc++";
				CLANG_ENABLE_MODULES = YES;
				CLANG_ENABLE_OBJC_ARC = YES;
				CLANG_WARN_BOOL_CONVERSION = YES;
				CLANG_WARN_CONSTANT_CONVERSION = YES;
				CLANG_WARN_DIRECT_OBJC_ISA_USAGE = YES_ERROR;
				CLANG_WARN_DOCUMENTATION_COMMENTS = YES;
				CLANG_WARN_EMPTY_BODY = YES;
				CLANG_WARN_ENUM_CONVERSION = YES;
				CLANG_WARN_INFINITE_RECURSION = YES;
				CLANG_WARN_INT_CONVERSION = YES;
				CLANG_WARN_OBJC_ROOT_CLASS = YES_ERROR;
				CLANG_WARN_SUSPICIOUS_MOVE = YES;
				CLANG_WARN_UNREACHABLE_CODE = YES;
				CLANG_WARN__DUPLICATE_METHOD_MATCH = YES;
				CODE_SIGN_IDENTITY = "-";
				COPY_PHASE_STRIP = NO;
				DEBUG_INFORMATION_FORMAT = "dwarf-with-dsym";
				ENABLE_NS_ASSERTIONS = NO;
				ENABLE_STRICT_OBJC_MSGSEND = YES;
				GCC_C_LANGUAGE_STANDARD = gnu99;
				GCC_NO_COMMON_BLOCKS = YES;
				GCC_WARN_64_TO_32_BIT_CONVERSION = YES;
				GCC_WARN_ABOUT_RETURN_TYPE = YES_ERROR;
				GCC_WARN_UNDECLARED_SELECTOR = YES;
				GCC_WARN_UNINITIALIZED_AUTOS = YES_AGGRESSIVE;
				GCC_WARN_UNUSED_FUNCTION = YES;
				GCC_WARN_UNUSED_VARIABLE = YES;
				MACOSX_DEPLOYMENT_TARGET = 10.12;
				MTL_ENABLE_DEBUG_INFO = NO;
				SDKROOT = macosx;
			};
			name = Release;
		};
		2DC09BBB1FA319EA00B94E05 /* Debug */ = {
			isa = XCBuildConfiguration;
			buildSettings = {
				HEADER_SEARCH_PATHS = (
					/usr/local/include,
					../../src,
				);
				LIBRARY_SEARCH_PATHS = /usr/local/lib;
				OTHER_LDFLAGS = "-lprotobuf";
				PRODUCT_NAME = "$(TARGET_NAME)";
			};
			name = Debug;
		};
		2DC09BBC1FA319EA00B94E05 /* Release */ = {
			isa = XCBuildConfiguration;
			buildSettings = {
				HEADER_SEARCH_PATHS = (
					/usr/local/include,
					../../src,
				);
				LIBRARY_SEARCH_PATHS = /usr/local/lib;
				OTHER_LDFLAGS = "-lprotobuf";
				PRODUCT_NAME = "$(TARGET_NAME)";
			};
			name = Release;
		};
/* End XCBuildConfiguration section */

/* Begin XCConfigurationList section */
		2DC09BAE1FA319EA00B94E05 /* Build configuration list for PBXProject "rpccli" */ = {
			isa = XCConfigurationList;
			buildConfigurations = (
				2DC09BB81FA319EA00B94E05 /* Debug */,
				2DC09BB91FA319EA00B94E05 /* Release */,
			);
			defaultConfigurationIsVisible = 0;
			defaultConfigurationName = Release;
		};
		2DC09BBA1FA319EA00B94E05 /* Build configuration list for PBXNativeTarget "rpccli" */ = {
			isa = XCConfigurationList;
			buildConfigurations = (
				2DC09BBB1FA319EA00B94E05 /* Debug */,
				2DC09BBC1FA319EA00B94E05 /* Release */,
			);
			defaultConfigurationIsVisible = 0;
			defaultConfigurationName = Release;
		};
/* End XCConfigurationList section */
	};
	rootObject = 2DC09BAB1FA319EA00B94E05 /* Project object */;
}
