// !$*UTF8*$!
{
	archiveVersion = 1;
	classes = {
	};
	objectVersion = 46;
	objects = {

/* Begin PBXBuildFile section */
		2DFF02201F9F21C50005D0A6 /* example_echocli.cpp in Sources */ = {isa = PBXBuildFile; fileRef = 2DFF021F1F9F21C50005D0A6 /* example_echocli.cpp */; };
		2DFF02231F9F21D60005D0A6 /* libco.dylib in Frameworks */ = {isa = PBXBuildFile; fileRef = 2DFF02221F9F21D60005D0A6 /* libco.dylib */; };
/* End PBXBuildFile section */

/* Begin PBXCopyFilesBuildPhase section */
		2DFF02121F9F21430005D0A6 /* CopyFiles */ = {
			isa = PBXCopyFilesBuildPhase;
			buildActionMask = 2147483647;
			dstPath = /usr/share/man/man1/;
			dstSubfolderSpec = 0;
			files = (
			);
			runOnlyForDeploymentPostprocessing = 1;
		};
/* End PBXCopyFilesBuildPhase section */

/* Begin PBXFileReference section */
		2DFF02141F9F21430005D0A6 /* echocli */ = {isa = PBXFileReference; explicitFileType = "compiled.mach-o.executable"; includeInIndex = 0; path = echocli; sourceTree = BUILT_PRODUCTS_DIR; };
		2DFF021F1F9F21C50005D0A6 /* example_echocli.cpp */ = {isa = PBXFileReference; fileEncoding = 4; lastKnownFileType = sourcecode.cpp.cpp; name = example_echocli.cpp; path = ../src/example_echocli.cpp; sourceTree = "<group>"; };
		2DFF02221F9F21D60005D0A6 /* libco.dylib */ = {isa = PBXFileReference; lastKnownFileType = "compiled.mach-o.dylib"; name = libco.dylib; path = ../DerivedData/libco_mac/Build/Products/Debug/libco.dylib; sourceTree = "<group>"; };
/* End PBXFileReference section */

/* Begin PBXFrameworksBuildPhase section */
		2DFF02111F9F21430005D0A6 /* Frameworks */ = {
			isa = PBXFrameworksBuildPhase;
			buildActionMask = 2147483647;
			files = (
				2DFF02231F9F21D60005D0A6 /* libco.dylib in Frameworks */,
			);
			runOnlyForDeploymentPostprocessing = 0;
		};
/* End PBXFrameworksBuildPhase section */

/* Begin PBXGroup section */
		2DFF020B1F9F21430005D0A6 = {
			isa = PBXGroup;
			children = (
				2DFF021E1F9F21AD0005D0A6 /* src */,
				2DFF02151F9F21430005D0A6 /* Products */,
				2DFF02211F9F21D50005D0A6 /* Frameworks */,
			);
			sourceTree = "<group>";
		};
		2DFF02151F9F21430005D0A6 /* Products */ = {
			isa = PBXGroup;
			children = (
				2DFF02141F9F21430005D0A6 /* echocli */,
			);
			name = Products;
			sourceTree = "<group>";
		};
		2DFF021E1F9F21AD0005D0A6 /* src */ = {
			isa = PBXGroup;
			children = (
				2DFF021F1F9F21C50005D0A6 /* example_echocli.cpp */,
			);
			name = src;
			sourceTree = "<group>";
		};
		2DFF02211F9F21D50005D0A6 /* Frameworks */ = {
			isa = PBXGroup;
			children = (
				2DFF02221F9F21D60005D0A6 /* libco.dylib */,
			);
			name = Frameworks;
			sourceTree = "<group>";
		};
/* End PBXGroup section */

/* Begin PBXNativeTarget section */
		2DFF02131F9F21430005D0A6 /* echocli */ = {
			isa = PBXNativeTarget;
			buildConfigurationList = 2DFF021B1F9F21430005D0A6 /* Build configuration list for PBXNativeTarget "echocli" */;
			buildPhases = (
				2DFF02101F9F21430005D0A6 /* Sources */,
				2DFF02111F9F21430005D0A6 /* Frameworks */,
				2DFF02121F9F21430005D0A6 /* CopyFiles */,
			);
			buildRules = (
			);
			dependencies = (
			);
			name = echocli;
			productName = echocli;
			productReference = 2DFF02141F9F21430005D0A6 /* echocli */;
			productType = "com.apple.product-type.tool";
		};
/* End PBXNativeTarget section */

/* Begin PBXProject section */
		2DFF020C1F9F21430005D0A6 /* Project object */ = {
			isa = PBXProject;
			attributes = {
				LastUpgradeCheck = 0830;
				ORGANIZATIONNAME = Dena;
				TargetAttributes = {
					2DFF02131F9F21430005D0A6 = {
						CreatedOnToolsVersion = 8.3.3;
						ProvisioningStyle = Automatic;
					};
				};
			};
			buildConfigurationList = 2DFF020F1F9F21430005D0A6 /* Build configuration list for PBXProject "echocli" */;
			compatibilityVersion = "Xcode 3.2";
			developmentRegion = English;
			hasScannedForEncodings = 0;
			knownRegions = (
				en,
			);
			mainGroup = 2DFF020B1F9F21430005D0A6;
			productRefGroup = 2DFF02151F9F21430005D0A6 /* Products */;
			projectDirPath = "";
			projectRoot = "";
			targets = (
				2DFF02131F9F21430005D0A6 /* echocli */,
			);
		};
/* End PBXProject section */

/* Begin PBXSourcesBuildPhase section */
		2DFF02101F9F21430005D0A6 /* Sources */ = {
			isa = PBXSourcesBuildPhase;
			buildActionMask = 2147483647;
			files = (
				2DFF02201F9F21C50005D0A6 /* example_echocli.cpp in Sources */,
			);
			runOnlyForDeploymentPostprocessing = 0;
		};
/* End PBXSourcesBuildPhase section */

/* Begin XCBuildConfiguration section */
		2DFF02191F9F21430005D0A6 /* Debug */ = {
			isa = XCBuildConfiguration;
			buildSettings = {
				ALWAYS_SEARCH_USER_PATHS = NO;
				CLANG_ANALYZER_NONNULL = YES;
				CLANG_ANALYZER_NUMBER_OBJECT_CONVERSION = YES_AGGRESSIVE;
				CLANG_CXX_LANGUAGE_STANDARD = "gnu++0x";
				CLANG_CXX_LIBRARY = "libc++";
				CLANG_ENABLE_MODULES = YES;
				CLANG_ENABLE_OBJC_ARC = YES;
				CLANG_WARN_BOOL_CONVERSION = YES;
				CLANG_WARN_CONSTANT_CONVERSION = YES;
				CLANG_WARN_DIRECT_OBJC_ISA_USAGE = YES_ERROR;
				CLANG_WARN_DOCUMENTATION_COMMENTS = YES;
				CLANG_WARN_EMPTY_BODY = YES;
				CLANG_WARN_ENUM_CONVERSION = YES;
				CLANG_WARN_INFINITE_RECURSION = YES;
				CLANG_WARN_INT_CONVERSION = YES;
				CLANG_WARN_OBJC_ROOT_CLASS = YES_ERROR;
				CLANG_WARN_SUSPICIOUS_MOVE = YES;
				CLANG_WARN_UNREACHABLE_CODE = YES;
				CLANG_WARN__DUPLICATE_METHOD_MATCH = YES;
				CODE_SIGN_IDENTITY = "-";
				COPY_PHASE_STRIP = NO;
				DEBUG_INFORMATION_FORMAT = dwarf;
				ENABLE_STRICT_OBJC_MSGSEND = YES;
				ENABLE_TESTABILITY = YES;
				GCC_C_LANGUAGE_STANDARD = gnu99;
				GCC_DYNAMIC_NO_PIC = NO;
				GCC_NO_COMMON_BLOCKS = YES;
				GCC_OPTIMIZATION_LEVEL = 0;
				GCC_PREPROCESSOR_DEFINITIONS = (
					"DEBUG=1",
					"$(inherited)",
				);
				GCC_WARN_64_TO_32_BIT_CONVERSION = YES;
				GCC_WARN_ABOUT_RETURN_TYPE = YES_ERROR;
				GCC_WARN_UNDECLARED_SELECTOR = YES;
				GCC_WARN_UNINITIALIZED_AUTOS = YES_AGGRESSIVE;
				GCC_WARN_UNUSED_FUNCTION = YES;
				GCC_WARN_UNUSED_VARIABLE = YES;
				MACOSX_DEPLOYMENT_TARGET = 10.12;
				MTL_ENABLE_DEBUG_INFO = YES;
				ONLY_ACTIVE_ARCH = YES;
				SDKROOT = macosx;
			};
			name = Debug;
		};
		2DFF021A1F9F21430005D0A6 /* Release */ = {
			isa = XCBuildConfiguration;
			buildSettings = {
				ALWAYS_SEARCH_USER_PATHS = NO;
				CLANG_ANALYZER_NONNULL = YES;
				CLANG_ANALYZER_NUMBER_OBJECT_CONVERSION = YES_AGGRESSIVE;
				CLANG_CXX_LANGUAGE_STANDARD = "gnu++0x";
				CLANG_CXX_LIBRARY = "libc++";
				CLANG_ENABLE_MODULES = YES;
				CLANG_ENABLE_OBJC_ARC = YES;
				CLANG_WARN_BOOL_CONVERSION = YES;
				CLANG_WARN_CONSTANT_CONVERSION = YES;
				CLANG_WARN_DIRECT_OBJC_ISA_USAGE = YES_ERROR;
				CLANG_WARN_DOCUMENTATION_COMMENTS = YES;
				CLANG_WARN_EMPTY_BODY = YES;
				CLANG_WARN_ENUM_CONVERSION = YES;
				CLANG_WARN_INFINITE_RECURSION = YES;
				CLANG_WARN_INT_CONVERSION = YES;
				CLANG_WARN_OBJC_ROOT_CLASS = YES_ERROR;
				CLANG_WARN_SUSPICIOUS_MOVE = YES;
				CLANG_WARN_UNREACHABLE_CODE = YES;
				CLANG_WARN__DUPLICATE_METHOD_MATCH = YES;
				CODE_SIGN_IDENTITY = "-";
				COPY_PHASE_STRIP = NO;
				DEBUG_INFORMATION_FORMAT = "dwarf-with-dsym";
				ENABLE_NS_ASSERTIONS = NO;
				ENABLE_STRICT_OBJC_MSGSEND = YES;
				GCC_C_LANGUAGE_STANDARD = gnu99;
				GCC_NO_COMMON_BLOCKS = YES;
				GCC_WARN_64_TO_32_BIT_CONVERSION = YES;
				GCC_WARN_ABOUT_RETURN_TYPE = YES_ERROR;
				GCC_WARN_UNDECLARED_SELECTOR = YES;
				GCC_WARN_UNINITIALIZED_AUTOS = YES_AGGRESSIVE;
				GCC_WARN_UNUSED_FUNCTION = YES;
				GCC_WARN_UNUSED_VARIABLE = YES;
				MACOSX_DEPLOYMENT_TARGET = 10.12;
				MTL_ENABLE_DEBUG_INFO = NO;
				SDKROOT = macosx;
			};
			name = Release;
		};
		2DFF021C1F9F21430005D0A6 /* Debug */ = {
			isa = XCBuildConfiguration;
			buildSettings = {
				PRODUCT_NAME = "$(TARGET_NAME)";
			};
			name = Debug;
		};
		2DFF021D1F9F21430005D0A6 /* Release */ = {
			isa = XCBuildConfiguration;
			buildSettings = {
				PRODUCT_NAME = "$(TARGET_NAME)";
			};
			name = Release;
		};
/* End XCBuildConfiguration section */

/* Begin XCConfigurationList section */
		2DFF020F1F9F21430005D0A6 /* Build configuration list for PBXProject "echocli" */ = {
			isa = XCConfigurationList;
			buildConfigurations = (
				2DFF02191F9F21430005D0A6 /* Debug */,
				2DFF021A1F9F21430005D0A6 /* Release */,
			);
			defaultConfigurationIsVisible = 0;
			defaultConfigurationName = Release;
		};
		2DFF021B1F9F21430005D0A6 /* Build configuration list for PBXNativeTarget "echocli" */ = {
			isa = XCConfigurationList;
			buildConfigurations = (
				2DFF021C1F9F21430005D0A6 /* Debug */,
				2DFF021D1F9F21430005D0A6 /* Release */,
			);
			defaultConfigurationIsVisible = 0;
		};
/* End XCConfigurationList section */
	};
	rootObject = 2DFF020C1F9F21430005D0A6 /* Project object */;
}
